<?xml version="1.0" encoding="utf-8"?>
<Project ToolsVersion="4.0" xmlns="http://schemas.microsoft.com/developer/msbuild/2003">
  <ItemGroup>
    <Filter Include="Source Files">
      <UniqueIdentifier>{c1c8c378-fb71-4c7a-984e-32c2f3dac0ce}</UniqueIdentifier>
      <Extensions>cpp;c;cxx;rc;def;r;odl;idl;hpj;bat</Extensions>
    </Filter>
    <Filter Include="Header Files">
      <UniqueIdentifier>{646bbf4e-617f-4e9d-bc7a-899e0a55e003}</UniqueIdentifier>
      <Extensions>h;hpp;hxx;hm;inl</Extensions>
    </Filter>
    <Filter Include="Resource Files">
      <UniqueIdentifier>{c8a91683-c252-4ac7-83b1-e2175d95a803}</UniqueIdentifier>
      <Extensions>ico;cur;bmp;dlg;rc2;rct;bin;rgs;gif;jpg;jpeg;jpe</Extensions>
    </Filter>
  </ItemGroup>
  <ItemGroup>
    <ClCompile Include="..\Include_Addin_135914\I135914\_ChartAddInBase.cpp">
      <Filter>Source Files</Filter>
    </ClCompile>
    <ClCompile Include="..\Include_Addin_135914\_IWUnknown.cpp">
      <Filter>Source Files</Filter>
    </ClCompile>
    <ClCompile Include="BaseDialog.cpp">
      <Filter>Source Files</Filter>
    </ClCompile>
    <ClCompile Include="BaseDialogContainer.cpp">
      <Filter>Source Files</Filter>
    </ClCompile>
    <ClCompile Include="BaseListBox.cpp">
      <Filter>Source Files</Filter>
    </ClCompile>
    <ClCompile Include="BaseTabDlg.cpp">
      <Filter>Source Files</Filter>
    </ClCompile>
    <ClCompile Include="BitmapItemComboBox.cpp">
      <Filter>Source Files</Filter>
    </ClCompile>
    <ClCompile Include="ChartEnvSetupDlgAddIn.cpp">
      <Filter>Source Files</Filter>
    </ClCompile>
    <ClCompile Include="ChartEnvSetupDlgAddInImp.cpp">
      <Filter>Source Files</Filter>
    </ClCompile>
    <ClCompile Include="ChartStyleDataManagerAddInImp.cpp">
      <Filter>Source Files</Filter>
    </ClCompile>
    <ClCompile Include="ColorButton.cpp">
      <Filter>Source Files</Filter>
    </ClCompile>
    <ClCompile Include="..\Include_Chart\Conversion.cpp">
      <Filter>Source Files</Filter>
    </ClCompile>
    <ClCompile Include="Data_ConditionTitle.cpp">
      <Filter>Source Files</Filter>
    </ClCompile>
    <ClCompile Include="..\Include_Chart\DataMath.cpp">
      <Filter>Source Files</Filter>
    </ClCompile>
    <ClCompile Include="DlgEnvSetUpAll.cpp">
      <Filter>Source Files</Filter>
    </ClCompile>
    <ClCompile Include="DlgMainTabAnalysisSetUp.cpp">
      <Filter>Source Files</Filter>
    </ClCompile>
    <ClCompile Include="DlgMainTabBaseEnvSetUp.cpp">
      <Filter>Source Files</Filter>
    </ClCompile>
    <ClCompile Include="DlgMainTabIndicatorSetUp.cpp">
      <Filter>Source Files</Filter>
    </ClCompile>
    <ClCompile Include="DlgMainTabStyleSetUp.cpp">
      <Filter>Source Files</Filter>
    </ClCompile>
    <ClCompile Include="DlgSubTabIndicatorExp.cpp">
      <Filter>Source Files</Filter>
    </ClCompile>
    <ClCompile Include="DropBtn.cpp">
      <Filter>Source Files</Filter>
    </ClCompile>
    <ClCompile Include="EnvironmentData.cpp">
      <Filter>Source Files</Filter>
    </ClCompile>
    <ClCompile Include="FindType.cpp">
      <Filter>Source Files</Filter>
    </ClCompile>
    <ClCompile Include="GraphSetting.cpp">
      <Filter>Source Files</Filter>
    </ClCompile>
    <ClCompile Include="GroupButtonCtrl.cpp">
      <Filter>Source Files</Filter>
    </ClCompile>
    <ClCompile Include="..\Include_Chart\Dll_Load\IMetaTable.cpp">
      <Filter>Source Files</Filter>
    </ClCompile>
    <ClCompile Include="IndicatorExpHtmlView.cpp">
      <Filter>Source Files</Filter>
    </ClCompile>
    <ClCompile Include="IndicatorGroupButton.cpp">
      <Filter>Source Files</Filter>
    </ClCompile>
    <ClCompile Include="IndicatorNameListCtrl.cpp">
      <Filter>Source Files</Filter>
    </ClCompile>
    <ClCompile Include="IndiConfigurationDefineData.cpp">
      <Filter>Source Files</Filter>
    </ClCompile>
    <ClCompile Include="ListBoxColorPickerST.cpp">
      <Filter>Source Files</Filter>
    </ClCompile>
    <ClCompile Include="MakeChildDlg.cpp">
      <Filter>Source Files</Filter>
    </ClCompile>
    <ClCompile Include="NumEdit.cpp">
      <Filter>Source Files</Filter>
    </ClCompile>
    <ClCompile Include="NumSpinCtrl.cpp">
      <Filter>Source Files</Filter>
    </ClCompile>
    <ClCompile Include="OrgViewData.cpp">
      <Filter>Source Files</Filter>
    </ClCompile>
    <ClCompile Include="..\Include_Chart\OutsideCommonInterfaceFunction.cpp">
      <Filter>Source Files</Filter>
    </ClCompile>
    <ClCompile Include="SetItemOfColorListBox.cpp">
      <Filter>Source Files</Filter>
    </ClCompile>
    <ClCompile Include="Setting_Common_Type_A.cpp">
      <Filter>Source Files</Filter>
    </ClCompile>
    <ClCompile Include="Setting_Common_Type_B.cpp">
      <Filter>Source Files</Filter>
    </ClCompile>
    <ClCompile Include="Setting_GlanceBalance.cpp">
      <Filter>Source Files</Filter>
    </ClCompile>
    <ClCompile Include="Setting_Price.cpp">
      <Filter>Source Files</Filter>
    </ClCompile>
    <ClCompile Include="Setting_PriceMA.cpp">
      <Filter>Source Files</Filter>
    </ClCompile>
    <ClCompile Include="Setting_PriceMA_Condition.cpp">
      <Filter>Source Files</Filter>
    </ClCompile>
    <ClCompile Include="Setting_Special_Type_A.cpp">
      <Filter>Source Files</Filter>
    </ClCompile>
    <ClCompile Include="Setting_Special_Type_B.cpp">
      <Filter>Source Files</Filter>
    </ClCompile>
    <ClCompile Include="Setting_Special_Type_C.cpp">
      <Filter>Source Files</Filter>
    </ClCompile>
    <ClCompile Include="Setting_Special_Type_D.cpp">
      <Filter>Source Files</Filter>
    </ClCompile>
    <ClCompile Include="Setting_Special_Type_E.cpp">
      <Filter>Source Files</Filter>
    </ClCompile>
    <ClCompile Include="Setting_Volume.cpp">
      <Filter>Source Files</Filter>
    </ClCompile>
    <ClCompile Include="Setting_VolumeMA.cpp">
      <Filter>Source Files</Filter>
    </ClCompile>
    <ClCompile Include="Setting_VolumeMA_Condition.cpp">
      <Filter>Source Files</Filter>
    </ClCompile>
    <ClCompile Include="StdAfx.cpp">
      <Filter>Source Files</Filter>
    </ClCompile>
    <ClCompile Include="StyleDataManager.cpp">
      <Filter>Source Files</Filter>
    </ClCompile>
    <ClCompile Include="StyleFileBuilder.cpp">
      <Filter>Source Files</Filter>
    </ClCompile>
    <ClCompile Include="TabMainChartEnvSetUp.cpp">
      <Filter>Source Files</Filter>
    </ClCompile>
    <ClCompile Include="TabSubIndicatorSetUpCtrl.cpp">
      <Filter>Source Files</Filter>
    </ClCompile>
  </ItemGroup>
  <ItemGroup>
    <ResourceCompile Include="ChartEnvSetupDlgAddIn.rc">
      <Filter>Source Files</Filter>
    </ResourceCompile>
  </ItemGroup>
  <ItemGroup>
    <ClInclude Include="..\Include_Addin_135914\I135914\_ChartAddInBase.h">
      <Filter>Header Files</Filter>
    </ClInclude>
    <ClInclude Include="BaseDialog.h">
      <Filter>Header Files</Filter>
    </ClInclude>
    <ClInclude Include="BaseDialogContainer.h">
      <Filter>Header Files</Filter>
    </ClInclude>
    <ClInclude Include="BaseListBox.h">
      <Filter>Header Files</Filter>
    </ClInclude>
    <ClInclude Include="BaseTabDlg.h">
      <Filter>Header Files</Filter>
    </ClInclude>
    <ClInclude Include="BitmapItemComboBox.h">
      <Filter>Header Files</Filter>
    </ClInclude>
    <ClInclude Include="ChartEnvSetupDlgAddIn.h">
      <Filter>Header Files</Filter>
    </ClInclude>
    <ClInclude Include="ChartEnvSetupDlgAddInImp.h">
      <Filter>Header Files</Filter>
    </ClInclude>
    <ClInclude Include="ChartStyleDataManagerAddInImp.h">
      <Filter>Header Files</Filter>
    </ClInclude>
    <ClInclude Include="ColorButton.h">
      <Filter>Header Files</Filter>
    </ClInclude>
    <ClInclude Include="Data_ConditionTitle.h">
      <Filter>Header Files</Filter>
    </ClInclude>
    <ClInclude Include="DlgEnvSetUpAll.h">
      <Filter>Header Files</Filter>
    </ClInclude>
    <ClInclude Include="DlgMainTabAnalysisSetUp.h">
      <Filter>Header Files</Filter>
    </ClInclude>
    <ClInclude Include="DlgMainTabBaseEnvSetUp.h">
      <Filter>Header Files</Filter>
    </ClInclude>
    <ClInclude Include="DlgMainTabIndicatorSetUp.h">
      <Filter>Header Files</Filter>
    </ClInclude>
    <ClInclude Include="DlgMainTabStyleSetUp.h">
      <Filter>Header Files</Filter>
    </ClInclude>
    <ClInclude Include="DlgSubTabIndicatorExp.h">
      <Filter>Header Files</Filter>
    </ClInclude>
    <ClInclude Include="DropBtn.h">
      <Filter>Header Files</Filter>
    </ClInclude>
    <ClInclude Include="EnvironmentData.h">
      <Filter>Header Files</Filter>
    </ClInclude>
    <ClInclude Include="FindType.h">
      <Filter>Header Files</Filter>
    </ClInclude>
    <ClInclude Include="GraphSetting.h">
      <Filter>Header Files</Filter>
    </ClInclude>
    <ClInclude Include="GroupButtonCtrl.h">
      <Filter>Header Files</Filter>
    </ClInclude>
    <ClInclude Include="..\Include_Chart\Dll_Load\IMetaTable.h">
      <Filter>Header Files</Filter>
    </ClInclude>
    <ClInclude Include="IndicatorExpHtmlView.h">
      <Filter>Header Files</Filter>
    </ClInclude>
    <ClInclude Include="IndicatorGroupButton.h">
      <Filter>Header Files</Filter>
    </ClInclude>
    <ClInclude Include="IndicatorNameListCtrl.h">
      <Filter>Header Files</Filter>
    </ClInclude>
    <ClInclude Include="IndiConfigurationDefineData.h">
      <Filter>Header Files</Filter>
    </ClInclude>
    <ClInclude Include="ListBoxColorPickerST.h">
      <Filter>Header Files</Filter>
    </ClInclude>
    <ClInclude Include="MakeChildDlg.h">
      <Filter>Header Files</Filter>
    </ClInclude>
    <ClInclude Include="NumEdit.h">
      <Filter>Header Files</Filter>
    </ClInclude>
    <ClInclude Include="NumSpinCtrl.h">
      <Filter>Header Files</Filter>
    </ClInclude>
    <ClInclude Include="OrgViewData.h">
      <Filter>Header Files</Filter>
    </ClInclude>
    <ClInclude Include="..\Include_Chart\OutsideCommonInterfaceFunction.h">
      <Filter>Header Files</Filter>
    </ClInclude>
    <ClInclude Include="Resource.h">
      <Filter>Header Files</Filter>
    </ClInclude>
    <ClInclude Include="SetItemOfColorListBox.h">
      <Filter>Header Files</Filter>
    </ClInclude>
    <ClInclude Include="Setting_Common_Type_A.h">
      <Filter>Header Files</Filter>
    </ClInclude>
    <ClInclude Include="Setting_Common_Type_B.h">
      <Filter>Header Files</Filter>
    </ClInclude>
    <ClInclude Include="Setting_GlanceBalance.h">
      <Filter>Header Files</Filter>
    </ClInclude>
    <ClInclude Include="Setting_Price.h">
      <Filter>Header Files</Filter>
    </ClInclude>
    <ClInclude Include="Setting_PriceMA.h">
      <Filter>Header Files</Filter>
    </ClInclude>
    <ClInclude Include="Setting_PriceMA_Condition.h">
      <Filter>Header Files</Filter>
    </ClInclude>
    <ClInclude Include="Setting_Special_Type_A.h">
      <Filter>Header Files</Filter>
    </ClInclude>
    <ClInclude Include="Setting_Special_Type_B.h">
      <Filter>Header Files</Filter>
    </ClInclude>
    <ClInclude Include="Setting_Special_Type_C.h">
      <Filter>Header Files</Filter>
    </ClInclude>
    <ClInclude Include="Setting_Special_Type_D.h">
      <Filter>Header Files</Filter>
    </ClInclude>
    <ClInclude Include="Setting_Special_Type_E.h">
      <Filter>Header Files</Filter>
    </ClInclude>
    <ClInclude Include="Setting_Volume.h">
      <Filter>Header Files</Filter>
    </ClInclude>
    <ClInclude Include="Setting_VolumeMA.h">
      <Filter>Header Files</Filter>
    </ClInclude>
    <ClInclude Include="Setting_VolumeMA_Condition.h">
      <Filter>Header Files</Filter>
    </ClInclude>
    <ClInclude Include="StdAfx.h">
      <Filter>Header Files</Filter>
    </ClInclude>
    <ClInclude Include="StyleDataManager.h">
      <Filter>Header Files</Filter>
    </ClInclude>
    <ClInclude Include="StyleFileBuilder.h">
      <Filter>Header Files</Filter>
    </ClInclude>
    <ClInclude Include="TabMainChartEnvSetUp.h">
      <Filter>Header Files</Filter>
    </ClInclude>
    <ClInclude Include="TabSubIndicatorSetUpCtrl.h">
      <Filter>Header Files</Filter>
    </ClInclude>
  </ItemGroup>
  <ItemGroup>
    <Image Include="res\BarStyle.bmp">
      <Filter>Resource Files</Filter>
    </Image>
    <Image Include="res\BongStyle.bmp">
      <Filter>Resource Files</Filter>
    </Image>
    <Image Include="res\line_sty.bmp">
      <Filter>Resource Files</Filter>
    </Image>
    <Image Include="res\LineStyle.bmp">
      <Filter>Resource Files</Filter>
    </Image>
    <Image Include="res\LineThickness.bmp">
      <Filter>Resource Files</Filter>
    </Image>
    <Image Include="res\PieStyle.bmp">
      <Filter>Resource Files</Filter>
    </Image>
    <Image Include="res\SpecialStyle.bmp">
      <Filter>Resource Files</Filter>
    </Image>
  </ItemGroup>
  <ItemGroup>
    <Text Include="ReadMe.txt" />
  </ItemGroup>
  <ItemGroup>
    <CustomBuild Include="ChartEnvSetupDlgAddIn.def">
      <Filter>Source Files</Filter>
    </CustomBuild>
    <CustomBuild Include="res\ChartEnvSetupDlgAddIn.rc2">
      <Filter>Resource Files</Filter>
    </CustomBuild>
    <CustomBuild Include="res\lng_res1.bin">
      <Filter>Resource Files</Filter>
    </CustomBuild>
    <CustomBuild Include="res\ChartEnvSetupDlgAddIn.eng" />
  </ItemGroup>
</Project>