
Microsoft Visual Studio Solution File, Format Version 12.00
# Visual Studio Version 16
VisualStudioVersion = 16.0.32510.428
MinimumVisualStudioVersion = 10.0.40219.1
Project("{8BC9CEB8-8B4A-11D0-8D11-00A0C91BC942}") = "IB300600", "IB191000.vcxproj", "{731A75CA-4D45-4B50-B4EA-34C00DBC5122}"
EndProject
Global
	GlobalSection(SolutionConfigurationPlatforms) = preSolution
		Debug|x86 = Debug|x86
		IB300600 Debug|x86 = IB300600 Debug|x86
		IB300600 Release|x86 = IB300600 Release|x86
		IB300700 Debug|x86 = IB300700 Debug|x86
		IB300700 Release|x86 = IB300700 Release|x86
		Release|x86 = Release|x86
		Template|x86 = Template|x86
	EndGlobalSection
	GlobalSection(ProjectConfigurationPlatforms) = postSolution
		{731A75CA-4D45-4B50-B4EA-34C00DBC5122}.Debug|x86.ActiveCfg = Debug|Win32
		{731A75CA-4D45-4B50-B4EA-34C00DBC5122}.Debug|x86.Build.0 = Debug|Win32
		{731A75CA-4D45-4B50-B4EA-34C00DBC5122}.IB300600 Debug|x86.ActiveCfg = IB300600 Debug|Win32
		{731A75CA-4D45-4B50-B4EA-34C00DBC5122}.IB300600 Debug|x86.Build.0 = IB300600 Debug|Win32
		{731A75CA-4D45-4B50-B4EA-34C00DBC5122}.IB300600 Release|x86.ActiveCfg = IB300600 Release|Win32
		{731A75CA-4D45-4B50-B4EA-34C00DBC5122}.IB300600 Release|x86.Build.0 = IB300600 Release|Win32
		{731A75CA-4D45-4B50-B4EA-34C00DBC5122}.IB300700 Debug|x86.ActiveCfg = IB300700 Debug|Win32
		{731A75CA-4D45-4B50-B4EA-34C00DBC5122}.IB300700 Debug|x86.Build.0 = IB300700 Debug|Win32
		{731A75CA-4D45-4B50-B4EA-34C00DBC5122}.IB300700 Release|x86.ActiveCfg = IB300700 Release|Win32
		{731A75CA-4D45-4B50-B4EA-34C00DBC5122}.IB300700 Release|x86.Build.0 = IB300700 Release|Win32
		{731A75CA-4D45-4B50-B4EA-34C00DBC5122}.Release|x86.ActiveCfg = Release|Win32
		{731A75CA-4D45-4B50-B4EA-34C00DBC5122}.Release|x86.Build.0 = Release|Win32
		{731A75CA-4D45-4B50-B4EA-34C00DBC5122}.Template|x86.ActiveCfg = Debug|Win32
		{731A75CA-4D45-4B50-B4EA-34C00DBC5122}.Template|x86.Build.0 = Debug|Win32
	EndGlobalSection
	GlobalSection(SolutionProperties) = preSolution
		HideSolutionNode = FALSE
	EndGlobalSection
	GlobalSection(ExtensibilityGlobals) = postSolution
		SolutionGuid = {4871D625-E729-46E5-9313-D326B213362D}
	EndGlobalSection
EndGlobal
