
Microsoft Visual Studio Solution File, Format Version 12.00
# Visual Studio Version 16
VisualStudioVersion = 16.0.31729.503
MinimumVisualStudioVersion = 10.0.40219.1
Project("{8BC9CEB8-8B4A-11D0-8D11-00A0C91BC942}") = "Wizard", "Wizard.vcxproj", "{39418399-DA28-4824-9F8F-36440366711B}"
EndProject
Project("{8BC9CEB8-8B4A-11D0-8D11-00A0C91BC942}") = "Xecure", "..\xecure\Xecure.vcxproj", "{AF118D65-4A26-4105-BD9E-EEF5C4BCD44E}"
EndProject
Project("{8BC9CEB8-8B4A-11D0-8D11-00A0C91BC942}") = "axislogin", "..\dll\login\axislogin.vcxproj", "{DD1FF885-4289-4339-AE3F-413FAC9A7904}"
EndProject
Project("{8BC9CEB8-8B4A-11D0-8D11-00A0C91BC942}") = "axisform", "..\dll\form\axisform.vcxproj", "{4C3712B9-7AE1-4717-9A14-1B4B3983E647}"
EndProject
Project("{8BC9CEB8-8B4A-11D0-8D11-00A0C91BC942}") = "axislib", "..\dll\lib\axislib.vcxproj", "{16194290-B5BC-4734-BCB9-E322D5CC9FED}"
EndProject
Project("{8BC9CEB8-8B4A-11D0-8D11-00A0C91BC942}") = "Certify", "..\certify\Certify.vcxproj", "{225392F5-BB75-4F18-8435-51AF42E1F18A}"
EndProject
Global
	GlobalSection(SolutionConfigurationPlatforms) = preSolution
		Debug|x64 = Debug|x64
		Debug|x86 = Debug|x86
		Release|x64 = Release|x64
		Release|x86 = Release|x86
		Template|x64 = Template|x64
		Template|x86 = Template|x86
	EndGlobalSection
	GlobalSection(ProjectConfigurationPlatforms) = postSolution
		{39418399-DA28-4824-9F8F-36440366711B}.Debug|x64.ActiveCfg = Debug|x64
		{39418399-DA28-4824-9F8F-36440366711B}.Debug|x64.Build.0 = Debug|x64
		{39418399-DA28-4824-9F8F-36440366711B}.Debug|x86.ActiveCfg = Debug|Win32
		{39418399-DA28-4824-9F8F-36440366711B}.Debug|x86.Build.0 = Debug|Win32
		{39418399-DA28-4824-9F8F-36440366711B}.Release|x64.ActiveCfg = Release|x64
		{39418399-DA28-4824-9F8F-36440366711B}.Release|x64.Build.0 = Release|x64
		{39418399-DA28-4824-9F8F-36440366711B}.Release|x86.ActiveCfg = Release|Win32
		{39418399-DA28-4824-9F8F-36440366711B}.Release|x86.Build.0 = Release|Win32
		{39418399-DA28-4824-9F8F-36440366711B}.Template|x64.ActiveCfg = Release|x64
		{39418399-DA28-4824-9F8F-36440366711B}.Template|x64.Build.0 = Release|x64
		{39418399-DA28-4824-9F8F-36440366711B}.Template|x86.ActiveCfg = Release|Win32
		{39418399-DA28-4824-9F8F-36440366711B}.Template|x86.Build.0 = Release|Win32
		{AF118D65-4A26-4105-BD9E-EEF5C4BCD44E}.Debug|x64.ActiveCfg = Debug|x64
		{AF118D65-4A26-4105-BD9E-EEF5C4BCD44E}.Debug|x64.Build.0 = Debug|x64
		{AF118D65-4A26-4105-BD9E-EEF5C4BCD44E}.Debug|x86.ActiveCfg = Debug|Win32
		{AF118D65-4A26-4105-BD9E-EEF5C4BCD44E}.Debug|x86.Build.0 = Debug|Win32
		{AF118D65-4A26-4105-BD9E-EEF5C4BCD44E}.Release|x64.ActiveCfg = Release|x64
		{AF118D65-4A26-4105-BD9E-EEF5C4BCD44E}.Release|x64.Build.0 = Release|x64
		{AF118D65-4A26-4105-BD9E-EEF5C4BCD44E}.Release|x86.ActiveCfg = Release|Win32
		{AF118D65-4A26-4105-BD9E-EEF5C4BCD44E}.Release|x86.Build.0 = Release|Win32
		{AF118D65-4A26-4105-BD9E-EEF5C4BCD44E}.Template|x64.ActiveCfg = Release|x64
		{AF118D65-4A26-4105-BD9E-EEF5C4BCD44E}.Template|x64.Build.0 = Release|x64
		{AF118D65-4A26-4105-BD9E-EEF5C4BCD44E}.Template|x86.ActiveCfg = Release|Win32
		{AF118D65-4A26-4105-BD9E-EEF5C4BCD44E}.Template|x86.Build.0 = Release|Win32
		{DD1FF885-4289-4339-AE3F-413FAC9A7904}.Debug|x64.ActiveCfg = Debug|Win32
		{DD1FF885-4289-4339-AE3F-413FAC9A7904}.Debug|x86.ActiveCfg = Debug|Win32
		{DD1FF885-4289-4339-AE3F-413FAC9A7904}.Debug|x86.Build.0 = Debug|Win32
		{DD1FF885-4289-4339-AE3F-413FAC9A7904}.Release|x64.ActiveCfg = Release|Win32
		{DD1FF885-4289-4339-AE3F-413FAC9A7904}.Release|x86.ActiveCfg = Release|Win32
		{DD1FF885-4289-4339-AE3F-413FAC9A7904}.Release|x86.Build.0 = Release|Win32
		{DD1FF885-4289-4339-AE3F-413FAC9A7904}.Template|x64.ActiveCfg = Template|Win32
		{DD1FF885-4289-4339-AE3F-413FAC9A7904}.Template|x86.ActiveCfg = Template|Win32
		{DD1FF885-4289-4339-AE3F-413FAC9A7904}.Template|x86.Build.0 = Template|Win32
		{4C3712B9-7AE1-4717-9A14-1B4B3983E647}.Debug|x64.ActiveCfg = Debug|Win32
		{4C3712B9-7AE1-4717-9A14-1B4B3983E647}.Debug|x86.ActiveCfg = Debug|Win32
		{4C3712B9-7AE1-4717-9A14-1B4B3983E647}.Debug|x86.Build.0 = Debug|Win32
		{4C3712B9-7AE1-4717-9A14-1B4B3983E647}.Release|x64.ActiveCfg = Release|Win32
		{4C3712B9-7AE1-4717-9A14-1B4B3983E647}.Release|x86.ActiveCfg = Release|Win32
		{4C3712B9-7AE1-4717-9A14-1B4B3983E647}.Release|x86.Build.0 = Release|Win32
		{4C3712B9-7AE1-4717-9A14-1B4B3983E647}.Template|x64.ActiveCfg = Template|Win32
		{4C3712B9-7AE1-4717-9A14-1B4B3983E647}.Template|x86.ActiveCfg = Template|Win32
		{4C3712B9-7AE1-4717-9A14-1B4B3983E647}.Template|x86.Build.0 = Template|Win32
		{16194290-B5BC-4734-BCB9-E322D5CC9FED}.Debug|x64.ActiveCfg = Debug|Win32
		{16194290-B5BC-4734-BCB9-E322D5CC9FED}.Debug|x86.ActiveCfg = Debug|Win32
		{16194290-B5BC-4734-BCB9-E322D5CC9FED}.Debug|x86.Build.0 = Debug|Win32
		{16194290-B5BC-4734-BCB9-E322D5CC9FED}.Release|x64.ActiveCfg = Release|Win32
		{16194290-B5BC-4734-BCB9-E322D5CC9FED}.Release|x86.ActiveCfg = Release|Win32
		{16194290-B5BC-4734-BCB9-E322D5CC9FED}.Release|x86.Build.0 = Release|Win32
		{16194290-B5BC-4734-BCB9-E322D5CC9FED}.Template|x64.ActiveCfg = Template|Win32
		{16194290-B5BC-4734-BCB9-E322D5CC9FED}.Template|x86.ActiveCfg = Template|Win32
		{16194290-B5BC-4734-BCB9-E322D5CC9FED}.Template|x86.Build.0 = Template|Win32
		{225392F5-BB75-4F18-8435-51AF42E1F18A}.Debug|x64.ActiveCfg = Debug|x64
		{225392F5-BB75-4F18-8435-51AF42E1F18A}.Debug|x64.Build.0 = Debug|x64
		{225392F5-BB75-4F18-8435-51AF42E1F18A}.Debug|x86.ActiveCfg = Debug|Win32
		{225392F5-BB75-4F18-8435-51AF42E1F18A}.Debug|x86.Build.0 = Debug|Win32
		{225392F5-BB75-4F18-8435-51AF42E1F18A}.Release|x64.ActiveCfg = Release|x64
		{225392F5-BB75-4F18-8435-51AF42E1F18A}.Release|x64.Build.0 = Release|x64
		{225392F5-BB75-4F18-8435-51AF42E1F18A}.Release|x86.ActiveCfg = Release|Win32
		{225392F5-BB75-4F18-8435-51AF42E1F18A}.Release|x86.Build.0 = Release|Win32
		{225392F5-BB75-4F18-8435-51AF42E1F18A}.Template|x64.ActiveCfg = Debug|x64
		{225392F5-BB75-4F18-8435-51AF42E1F18A}.Template|x64.Build.0 = Debug|x64
		{225392F5-BB75-4F18-8435-51AF42E1F18A}.Template|x86.ActiveCfg = Debug|Win32
		{225392F5-BB75-4F18-8435-51AF42E1F18A}.Template|x86.Build.0 = Debug|Win32
	EndGlobalSection
	GlobalSection(SolutionProperties) = preSolution
		HideSolutionNode = FALSE
	EndGlobalSection
	GlobalSection(ExtensibilityGlobals) = postSolution
		SolutionGuid = {1535EE03-A2EB-4ACA-8F17-C1A260D14102}
	EndGlobalSection
EndGlobal
