<?xml version="1.0" encoding="utf-8"?>
<Project ToolsVersion="4.0" xmlns="http://schemas.microsoft.com/developer/msbuild/2003">
  <ItemGroup>
    <Filter Include="소스 파일">
      <UniqueIdentifier>{4FC737F1-C7A5-4376-A066-2A32D752A2FF}</UniqueIdentifier>
      <Extensions>cpp;c;cc;cxx;c++;cppm;ixx;def;odl;idl;hpj;bat;asm;asmx</Extensions>
    </Filter>
    <Filter Include="헤더 파일">
      <UniqueIdentifier>{93995380-89BD-4b04-88EB-625FBE52EBFB}</UniqueIdentifier>
      <Extensions>h;hh;hpp;hxx;h++;hm;inl;inc;ipp;xsd</Extensions>
    </Filter>
    <Filter Include="리소스 파일">
      <UniqueIdentifier>{67DA6AB6-F800-4c08-8B7A-83BB121AAD01}</UniqueIdentifier>
      <Extensions>rc;ico;cur;bmp;dlg;rc2;rct;bin;rgs;gif;jpg;jpeg;jpe;resx;tiff;tif;png;wav;mfcribbon-ms</Extensions>
    </Filter>
    <Filter Include="소스 파일\encrypt">
      <UniqueIdentifier>{02965348-391b-4b85-afe8-db0ca7707f4d}</UniqueIdentifier>
    </Filter>
  </ItemGroup>
  <ItemGroup>
    <ClCompile Include="Wizard.cpp">
      <Filter>소스 파일</Filter>
    </ClCompile>
    <ClCompile Include="WizardCtrl.cpp">
      <Filter>소스 파일</Filter>
    </ClCompile>
    <ClCompile Include="WizardPropPage.cpp">
      <Filter>소스 파일</Filter>
    </ClCompile>
    <ClCompile Include="pch.cpp">
      <Filter>소스 파일</Filter>
    </ClCompile>
    <ClCompile Include="xscreen.cpp">
      <Filter>소스 파일</Filter>
    </ClCompile>
    <ClCompile Include="xsystem.cpp">
      <Filter>소스 파일</Filter>
    </ClCompile>
    <ClCompile Include="Client.cpp">
      <Filter>소스 파일</Filter>
    </ClCompile>
    <ClCompile Include="Dde.cpp">
      <Filter>소스 파일</Filter>
    </ClCompile>
    <ClCompile Include="Dll.cpp">
      <Filter>소스 파일</Filter>
    </ClCompile>
    <ClCompile Include="Event.cpp">
      <Filter>소스 파일</Filter>
    </ClCompile>
    <ClCompile Include="excel9.cpp">
      <Filter>소스 파일</Filter>
    </ClCompile>
    <ClCompile Include="Guard.cpp">
      <Filter>소스 파일</Filter>
    </ClCompile>
    <ClCompile Include="History.cpp">
      <Filter>소스 파일</Filter>
    </ClCompile>
    <ClCompile Include="Key.cpp">
      <Filter>소스 파일</Filter>
    </ClCompile>
    <ClCompile Include="Log.cpp">
      <Filter>소스 파일</Filter>
    </ClCompile>
    <ClCompile Include="Misc.cpp">
      <Filter>소스 파일</Filter>
    </ClCompile>
    <ClCompile Include="Mouse.cpp">
      <Filter>소스 파일</Filter>
    </ClCompile>
    <ClCompile Include="Objects.cpp">
      <Filter>소스 파일</Filter>
    </ClCompile>
    <ClCompile Include="OleDrop.cpp">
      <Filter>소스 파일</Filter>
    </ClCompile>
    <ClCompile Include="OleDropEx.cpp">
      <Filter>소스 파일</Filter>
    </ClCompile>
    <ClCompile Include="OnTimer.cpp">
      <Filter>소스 파일</Filter>
    </ClCompile>
    <ClCompile Include="Printer.cpp">
      <Filter>소스 파일</Filter>
    </ClCompile>
    <ClCompile Include="Screen.cpp">
      <Filter>소스 파일</Filter>
    </ClCompile>
    <ClCompile Include="Script.cpp">
      <Filter>소스 파일</Filter>
    </ClCompile>
    <ClCompile Include="Stream.cpp">
      <Filter>소스 파일</Filter>
    </ClCompile>
    <ClCompile Include="Tips.cpp">
      <Filter>소스 파일</Filter>
    </ClCompile>
    <ClCompile Include="Works.cpp">
      <Filter>소스 파일</Filter>
    </ClCompile>
    <ClCompile Include="encrypt\Lz4.cpp">
      <Filter>소스 파일\encrypt</Filter>
    </ClCompile>
  </ItemGroup>
  <ItemGroup>
    <ClInclude Include="Wizard.h">
      <Filter>헤더 파일</Filter>
    </ClInclude>
    <ClInclude Include="framework.h">
      <Filter>헤더 파일</Filter>
    </ClInclude>
    <ClInclude Include="targetver.h">
      <Filter>헤더 파일</Filter>
    </ClInclude>
    <ClInclude Include="Resource.h">
      <Filter>헤더 파일</Filter>
    </ClInclude>
    <ClInclude Include="WizardCtrl.h">
      <Filter>헤더 파일</Filter>
    </ClInclude>
    <ClInclude Include="WizardPropPage.h">
      <Filter>헤더 파일</Filter>
    </ClInclude>
    <ClInclude Include="pch.h">
      <Filter>헤더 파일</Filter>
    </ClInclude>
    <ClInclude Include="xscreen.h">
      <Filter>헤더 파일</Filter>
    </ClInclude>
    <ClInclude Include="xsystem.h">
      <Filter>헤더 파일</Filter>
    </ClInclude>
    <ClInclude Include="Client.h">
      <Filter>헤더 파일</Filter>
    </ClInclude>
    <ClInclude Include="Dde.h">
      <Filter>헤더 파일</Filter>
    </ClInclude>
    <ClInclude Include="Dll.h">
      <Filter>헤더 파일</Filter>
    </ClInclude>
    <ClInclude Include="excel9.h">
      <Filter>헤더 파일</Filter>
    </ClInclude>
    <ClInclude Include="Guard.h">
      <Filter>헤더 파일</Filter>
    </ClInclude>
    <ClInclude Include="History.h">
      <Filter>헤더 파일</Filter>
    </ClInclude>
    <ClInclude Include="Key.h">
      <Filter>헤더 파일</Filter>
    </ClInclude>
    <ClInclude Include="Log.h">
      <Filter>헤더 파일</Filter>
    </ClInclude>
    <ClInclude Include="Misc.h">
      <Filter>헤더 파일</Filter>
    </ClInclude>
    <ClInclude Include="Mouse.h">
      <Filter>헤더 파일</Filter>
    </ClInclude>
    <ClInclude Include="Objects.h">
      <Filter>헤더 파일</Filter>
    </ClInclude>
    <ClInclude Include="OleDrop.h">
      <Filter>헤더 파일</Filter>
    </ClInclude>
    <ClInclude Include="OleDropEx.h">
      <Filter>헤더 파일</Filter>
    </ClInclude>
    <ClInclude Include="OnTimer.h">
      <Filter>헤더 파일</Filter>
    </ClInclude>
    <ClInclude Include="Printer.h">
      <Filter>헤더 파일</Filter>
    </ClInclude>
    <ClInclude Include="Screen.h">
      <Filter>헤더 파일</Filter>
    </ClInclude>
    <ClInclude Include="Script.h">
      <Filter>헤더 파일</Filter>
    </ClInclude>
    <ClInclude Include="Stream.h">
      <Filter>헤더 파일</Filter>
    </ClInclude>
    <ClInclude Include="Tips.h">
      <Filter>헤더 파일</Filter>
    </ClInclude>
    <ClInclude Include="Works.h">
      <Filter>헤더 파일</Filter>
    </ClInclude>
    <ClInclude Include="encrypt\Lz4.h">
      <Filter>소스 파일\encrypt</Filter>
    </ClInclude>
    <ClInclude Include="encrypt\Lz4define.h">
      <Filter>소스 파일\encrypt</Filter>
    </ClInclude>
  </ItemGroup>
  <ItemGroup>
    <None Include="Wizard.def">
      <Filter>소스 파일</Filter>
    </None>
  </ItemGroup>
  <ItemGroup>
    <ResourceCompile Include="Wizard.rc">
      <Filter>리소스 파일</Filter>
    </ResourceCompile>
  </ItemGroup>
  <ItemGroup>
    <Midl Include="Wizard.idl">
      <Filter>소스 파일</Filter>
    </Midl>
  </ItemGroup>
  <ItemGroup>
    <Image Include="WizardCtrl.bmp">
      <Filter>리소스 파일</Filter>
    </Image>
    <Image Include="Wizard.ico">
      <Filter>리소스 파일</Filter>
    </Image>
  </ItemGroup>
</Project>