<?xml version="1.0" encoding="utf-8"?>
<Project ToolsVersion="4.0" xmlns="http://schemas.microsoft.com/developer/msbuild/2003">
  <ItemGroup>
    <Filter Include="Source Files">
      <UniqueIdentifier>{20a535a8-c664-4d1e-947b-18e594fac2c7}</UniqueIdentifier>
      <Extensions>cpp;c;cxx;rc;def;r;odl;idl;hpj;bat</Extensions>
    </Filter>
    <Filter Include="Header Files">
      <UniqueIdentifier>{76dfc334-4474-44b5-a940-55046cb72397}</UniqueIdentifier>
      <Extensions>h;hpp;hxx;hm;inl</Extensions>
    </Filter>
    <Filter Include="Resource Files">
      <UniqueIdentifier>{43a9a107-ef20-4577-b624-94e6f33433b1}</UniqueIdentifier>
      <Extensions>ico;cur;bmp;dlg;rc2;rct;bin;rgs;gif;jpg;jpeg;jpe</Extensions>
    </Filter>
    <Filter Include="Include">
      <UniqueIdentifier>{5999d722-4c2d-4917-b367-e01057081a93}</UniqueIdentifier>
    </Filter>
    <Filter Include="Control">
      <UniqueIdentifier>{2ed44e3c-40cc-47d9-bd04-1b3b5b512364}</UniqueIdentifier>
    </Filter>
    <Filter Include="Control_Grid">
      <UniqueIdentifier>{66c2512e-85bd-4683-a438-039f3d79cd59}</UniqueIdentifier>
    </Filter>
    <Filter Include="./Include_Addin">
      <UniqueIdentifier>{6e3c677c-34c0-4ff5-ae8d-ad5b28f46b34}</UniqueIdentifier>
    </Filter>
    <Filter Include="./Include_Addin\I423611">
      <UniqueIdentifier>{8ddbec35-c635-4756-97f6-28f6ff028a53}</UniqueIdentifier>
    </Filter>
  </ItemGroup>
  <ItemGroup>
    <ClCompile Include="CandlePattern.cpp">
      <Filter>Source Files</Filter>
    </ClCompile>
    <ClCompile Include="ChartPatternAddin.cpp">
      <Filter>Source Files</Filter>
    </ClCompile>
    <ClCompile Include="DlgAnalysis.cpp">
      <Filter>Source Files</Filter>
    </ClCompile>
    <ClCompile Include="DlgEnvSetup1.cpp">
      <Filter>Source Files</Filter>
    </ClCompile>
    <ClCompile Include="DlgEnvSetup2.cpp">
      <Filter>Source Files</Filter>
    </ClCompile>
    <ClCompile Include="DlgEnvSetup3.cpp">
      <Filter>Source Files</Filter>
    </ClCompile>
    <ClCompile Include="DlgEnvSetup4.cpp">
      <Filter>Source Files</Filter>
    </ClCompile>
    <ClCompile Include="DlgHtml.cpp">
      <Filter>Source Files</Filter>
    </ClCompile>
    <ClCompile Include="DlgPatternEnvSetup.cpp">
      <Filter>Source Files</Filter>
    </ClCompile>
    <ClCompile Include="DlgSetup.cpp">
      <Filter>Source Files</Filter>
    </ClCompile>
    <ClCompile Include="Include_Chart\Dll_Load\IMetaTable.cpp">
      <Filter>Source Files</Filter>
    </ClCompile>
    <ClCompile Include="PatternDBItems.cpp">
      <Filter>Source Files</Filter>
    </ClCompile>
    <ClCompile Include="PatternMaker.cpp">
      <Filter>Source Files</Filter>
    </ClCompile>
    <ClCompile Include="RscDlg.cpp">
      <Filter>Source Files</Filter>
    </ClCompile>
    <ClCompile Include="SiteCustomAddin.cpp">
      <Filter>Source Files</Filter>
    </ClCompile>
    <ClCompile Include="StdAfx.cpp">
      <Filter>Source Files</Filter>
    </ClCompile>
    <ClCompile Include="WavePattern.cpp">
      <Filter>Source Files</Filter>
    </ClCompile>
    <ClCompile Include="Include\Util.cpp">
      <Filter>Include</Filter>
    </ClCompile>
    <ClCompile Include="Control\BitmapItemComboBox.cpp">
      <Filter>Control</Filter>
    </ClCompile>
    <ClCompile Include="Control\ColorButton.cpp">
      <Filter>Control</Filter>
    </ClCompile>
    <ClCompile Include="Control\HelpHtmlCtrl.cpp">
      <Filter>Control</Filter>
    </ClCompile>
    <ClCompile Include="Control\Label.cpp">
      <Filter>Control</Filter>
    </ClCompile>
    <ClCompile Include="Control\XTabCtrl.cpp">
      <Filter>Control</Filter>
    </ClCompile>
    <ClCompile Include="Control_Grid\DropSource.cpp">
      <Filter>Control_Grid</Filter>
    </ClCompile>
    <ClCompile Include="Control_Grid\GridCell.cpp">
      <Filter>Control_Grid</Filter>
    </ClCompile>
    <ClCompile Include="Control_Grid\GridCellBase.cpp">
      <Filter>Control_Grid</Filter>
    </ClCompile>
    <ClCompile Include="Control_Grid\GridCtrl.cpp">
      <Filter>Control_Grid</Filter>
    </ClCompile>
    <ClCompile Include="Control_Grid\GridDropTarget.cpp">
      <Filter>Control_Grid</Filter>
    </ClCompile>
    <ClCompile Include="Control_Grid\InPlaceEdit.cpp">
      <Filter>Control_Grid</Filter>
    </ClCompile>
    <ClCompile Include="Include_AddIn\I423611\_ChartAddInBase.cpp">
      <Filter>./Include_Addin\I423611</Filter>
    </ClCompile>
    <ClCompile Include="Include_AddIn\_IWUnknown.cpp">
      <Filter>./Include_Addin</Filter>
    </ClCompile>
  </ItemGroup>
  <ItemGroup>
    <ResourceCompile Include="ChartPatternAddin.rc">
      <Filter>Source Files</Filter>
    </ResourceCompile>
  </ItemGroup>
  <ItemGroup>
    <ClInclude Include="CandlePattern.h">
      <Filter>Header Files</Filter>
    </ClInclude>
    <ClInclude Include="ChartPatternAddin.h">
      <Filter>Header Files</Filter>
    </ClInclude>
    <ClInclude Include="DlgAnalysis.h">
      <Filter>Header Files</Filter>
    </ClInclude>
    <ClInclude Include="DlgEnvSetup1.h">
      <Filter>Header Files</Filter>
    </ClInclude>
    <ClInclude Include="DlgEnvSetup2.h">
      <Filter>Header Files</Filter>
    </ClInclude>
    <ClInclude Include="DlgEnvSetup3.h">
      <Filter>Header Files</Filter>
    </ClInclude>
    <ClInclude Include="DlgEnvSetup4.h">
      <Filter>Header Files</Filter>
    </ClInclude>
    <ClInclude Include="DlgHtml.h">
      <Filter>Header Files</Filter>
    </ClInclude>
    <ClInclude Include="DlgPatternEnvSetup.h">
      <Filter>Header Files</Filter>
    </ClInclude>
    <ClInclude Include="DlgSetup.h">
      <Filter>Header Files</Filter>
    </ClInclude>
    <ClInclude Include="Include_Chart\Dll_Load\IMetaTable.h">
      <Filter>Header Files</Filter>
    </ClInclude>
    <ClInclude Include="PatternDBItems.h">
      <Filter>Header Files</Filter>
    </ClInclude>
    <ClInclude Include="PatternDefine.h">
      <Filter>Header Files</Filter>
    </ClInclude>
    <ClInclude Include="PatternMaker.h">
      <Filter>Header Files</Filter>
    </ClInclude>
    <ClInclude Include="Resource.h">
      <Filter>Header Files</Filter>
    </ClInclude>
    <ClInclude Include="RscDlg.h">
      <Filter>Header Files</Filter>
    </ClInclude>
    <ClInclude Include="SiteCustomAddin.h">
      <Filter>Header Files</Filter>
    </ClInclude>
    <ClInclude Include="StdAfx.h">
      <Filter>Header Files</Filter>
    </ClInclude>
    <ClInclude Include="WavePattern.h">
      <Filter>Header Files</Filter>
    </ClInclude>
    <ClInclude Include="Include\ColorTable.h">
      <Filter>Include</Filter>
    </ClInclude>
    <ClInclude Include="Include\DrdsDef.h">
      <Filter>Include</Filter>
    </ClInclude>
    <ClInclude Include="Include\MainDefine.h">
      <Filter>Include</Filter>
    </ClInclude>
    <ClInclude Include="Include\Util.h">
      <Filter>Include</Filter>
    </ClInclude>
    <ClInclude Include="Control\BitmapItemComboBox.h">
      <Filter>Control</Filter>
    </ClInclude>
    <ClInclude Include="Control\ColorButton.h">
      <Filter>Control</Filter>
    </ClInclude>
    <ClInclude Include="Control\HelpHtmlCtrl.h">
      <Filter>Control</Filter>
    </ClInclude>
    <ClInclude Include="Control\Label.h">
      <Filter>Control</Filter>
    </ClInclude>
    <ClInclude Include="Control\XTabCtrl.h">
      <Filter>Control</Filter>
    </ClInclude>
    <ClInclude Include="Control_Grid\CellRange.h">
      <Filter>Control_Grid</Filter>
    </ClInclude>
    <ClInclude Include="Control_Grid\DropSource.h">
      <Filter>Control_Grid</Filter>
    </ClInclude>
    <ClInclude Include="Control_Grid\GridCell.h">
      <Filter>Control_Grid</Filter>
    </ClInclude>
    <ClInclude Include="Control_Grid\GridCellBase.h">
      <Filter>Control_Grid</Filter>
    </ClInclude>
    <ClInclude Include="Control_Grid\GridCtrl.h">
      <Filter>Control_Grid</Filter>
    </ClInclude>
    <ClInclude Include="Control_Grid\GridDropTarget.h">
      <Filter>Control_Grid</Filter>
    </ClInclude>
    <ClInclude Include="Control_Grid\InPlaceEdit.h">
      <Filter>Control_Grid</Filter>
    </ClInclude>
    <ClInclude Include="Control_Grid\MemDC.h">
      <Filter>Control_Grid</Filter>
    </ClInclude>
    <ClInclude Include="Include_AddIn\I423611\_AddInVer.h">
      <Filter>./Include_Addin\I423611</Filter>
    </ClInclude>
    <ClInclude Include="Include_AddIn\I423611\_ChartAddInBase.h">
      <Filter>./Include_Addin\I423611</Filter>
    </ClInclude>
    <ClInclude Include="Include_AddIn\_AddInCommand.h">
      <Filter>./Include_Addin</Filter>
    </ClInclude>
    <ClInclude Include="Include_AddIn\_IWUnknown.h">
      <Filter>./Include_Addin</Filter>
    </ClInclude>
    <ClInclude Include="Include_AddIn\_resource.h">
      <Filter>./Include_Addin</Filter>
    </ClInclude>
  </ItemGroup>
  <ItemGroup>
    <Image Include="res\LineThickness.bmp">
      <Filter>Resource Files</Filter>
    </Image>
  </ItemGroup>
  <ItemGroup>
    <Text Include="ReadMe.txt" />
  </ItemGroup>
  <ItemGroup>
    <CustomBuild Include="ChartPatternAddin.def">
      <Filter>Source Files</Filter>
    </CustomBuild>
    <CustomBuild Include="res\ap_highl.cur">
      <Filter>Resource Files</Filter>
    </CustomBuild>
    <CustomBuild Include="res\ap_indic.cur">
      <Filter>Resource Files</Filter>
    </CustomBuild>
    <CustomBuild Include="res\ChartPatternAddin.rc2">
      <Filter>Resource Files</Filter>
    </CustomBuild>
    <CustomBuild Include="res\move.cur">
      <Filter>Resource Files</Filter>
    </CustomBuild>
    <CustomBuild Include="res\MOVING.CUR">
      <Filter>Resource Files</Filter>
    </CustomBuild>
    <CustomBuild Include="res\ChartPatternAddIn.eng" />
  </ItemGroup>
</Project>