<?xml version="1.0" encoding="utf-8"?>
<Project ToolsVersion="4.0" xmlns="http://schemas.microsoft.com/developer/msbuild/2003">
  <ItemGroup>
    <Filter Include="Source Files">
      <UniqueIdentifier>{7b0787a6-869d-44ef-80ff-2a3307b1bcdd}</UniqueIdentifier>
      <Extensions>cpp;c;cxx;rc;def;r;odl;idl;hpj;bat</Extensions>
    </Filter>
    <Filter Include="Header Files">
      <UniqueIdentifier>{09fc246f-c879-4c41-b5d5-884ef36ea499}</UniqueIdentifier>
      <Extensions>h;hpp;hxx;hm;inl</Extensions>
    </Filter>
    <Filter Include="Resource Files">
      <UniqueIdentifier>{0077bf1f-0838-4f49-ac01-d4531a005e9a}</UniqueIdentifier>
      <Extensions>ico;cur;bmp;dlg;rc2;rct;bin;rgs;gif;jpg;jpeg;jpe</Extensions>
    </Filter>
    <Filter Include="Add Condtrol Files">
      <UniqueIdentifier>{7ede04fb-c276-49bb-b4e3-8dda26ab0b4e}</UniqueIdentifier>
    </Filter>
    <Filter Include="Comm Control Files">
      <UniqueIdentifier>{47da42b0-2894-43ec-962c-317ea3de275a}</UniqueIdentifier>
    </Filter>
    <Filter Include="Define Files">
      <UniqueIdentifier>{6e89d19e-80ac-4fc8-83c1-27124ec13b59}</UniqueIdentifier>
    </Filter>
    <Filter Include="Signal Chart">
      <UniqueIdentifier>{c849d15c-35fb-424b-8321-7f97edfdf91a}</UniqueIdentifier>
    </Filter>
    <Filter Include="MultiLang">
      <UniqueIdentifier>{6c4f6b03-eb6c-4e30-85b5-75f3b84f2617}</UniqueIdentifier>
    </Filter>
  </ItemGroup>
  <ItemGroup>
    <ClCompile Include="FieldEditDlg.cpp">
      <Filter>Source Files</Filter>
    </ClCompile>
    <ClCompile Include="FnSetScreenWnd.cpp">
      <Filter>Source Files</Filter>
    </ClCompile>
    <ClCompile Include="MainFrmWnd.cpp">
      <Filter>Source Files</Filter>
    </ClCompile>
    <ClCompile Include="RscDlg.cpp">
      <Filter>Source Files</Filter>
    </ClCompile>
    <ClCompile Include="ScreenWnd.cpp">
      <Filter>Source Files</Filter>
    </ClCompile>
    <ClCompile Include="SignalSearch.cpp">
      <Filter>Source Files</Filter>
    </ClCompile>
    <ClCompile Include="StdAfx.cpp">
      <Filter>Source Files</Filter>
    </ClCompile>
    <ClCompile Include="..\..\DrCommon\Utils.cpp">
      <Filter>Source Files</Filter>
    </ClCompile>
    <ClCompile Include="AddControls\ExEditCtrl.cpp">
      <Filter>Add Condtrol Files</Filter>
    </ClCompile>
    <ClCompile Include="AddControls\Grid_Comm.cpp">
      <Filter>Add Condtrol Files</Filter>
    </ClCompile>
    <ClCompile Include="AddControls\Grid_Field.cpp">
      <Filter>Add Condtrol Files</Filter>
    </ClCompile>
    <ClCompile Include="..\..\Chart\Chart_Common\ILButton.cpp">
      <Filter>Add Condtrol Files</Filter>
    </ClCompile>
    <ClCompile Include="..\..\..\SrcSite\include\CodeCtrl.cpp">
      <Filter>Comm Control Files</Filter>
    </ClCompile>
    <ClCompile Include="..\..\DrCommon\Dr_Control\DrBtnCtrl.CPP">
      <Filter>Comm Control Files</Filter>
    </ClCompile>
    <ClCompile Include="..\..\DrCommon\Dr_Control\DrInfoTip.cpp">
      <Filter>Comm Control Files</Filter>
    </ClCompile>
    <ClCompile Include="..\..\DrCommon\Dr_Control\DrTabCtrl.cpp">
      <Filter>Comm Control Files</Filter>
    </ClCompile>
    <ClCompile Include="..\..\..\SrcSite\control\fx_misc\fxImgButton.cpp">
      <Filter>Comm Control Files</Filter>
    </ClCompile>
    <ClCompile Include="SignalChart\ChartItem_Stock.cpp">
      <Filter>Signal Chart</Filter>
    </ClCompile>
    <ClCompile Include="SignalChart\DlgChart_Stock.cpp">
      <Filter>Signal Chart</Filter>
    </ClCompile>
    <ClCompile Include="..\..\DrCommon\DRChartOcx.cpp">
      <Filter>Signal Chart</Filter>
    </ClCompile>
    <ClCompile Include="..\..\Chart\INCLUDE_CHART\Dll_Load\IMetaTable.cpp">
      <Filter>MultiLang</Filter>
    </ClCompile>
  </ItemGroup>
  <ItemGroup>
    <ResourceCompile Include="SignalSearch.rc">
      <Filter>Source Files</Filter>
    </ResourceCompile>
  </ItemGroup>
  <ItemGroup>
    <ClInclude Include="FieldEditDlg.h">
      <Filter>Header Files</Filter>
    </ClInclude>
    <ClInclude Include="FnSetScreenWnd.h">
      <Filter>Header Files</Filter>
    </ClInclude>
    <ClInclude Include="MainFrmWnd.h">
      <Filter>Header Files</Filter>
    </ClInclude>
    <ClInclude Include="Resource.h">
      <Filter>Header Files</Filter>
    </ClInclude>
    <ClInclude Include="RscDlg.h">
      <Filter>Header Files</Filter>
    </ClInclude>
    <ClInclude Include="ScreenWnd.h">
      <Filter>Header Files</Filter>
    </ClInclude>
    <ClInclude Include="SignalSearch.h">
      <Filter>Header Files</Filter>
    </ClInclude>
    <ClInclude Include="StdAfx.h">
      <Filter>Header Files</Filter>
    </ClInclude>
    <ClInclude Include="AddControls\ExEditCtrl.h">
      <Filter>Add Condtrol Files</Filter>
    </ClInclude>
    <ClInclude Include="AddControls\Grid_Comm.h">
      <Filter>Add Condtrol Files</Filter>
    </ClInclude>
    <ClInclude Include="AddControls\Grid_Field.h">
      <Filter>Add Condtrol Files</Filter>
    </ClInclude>
    <ClInclude Include="..\..\Chart\Chart_Common\ILButton.h">
      <Filter>Add Condtrol Files</Filter>
    </ClInclude>
    <ClInclude Include="DefineFiles\client_typedef.h">
      <Filter>Define Files</Filter>
    </ClInclude>
    <ClInclude Include="DefineFiles\color_typedef.h">
      <Filter>Define Files</Filter>
    </ClInclude>
    <ClInclude Include="DefineFiles\server_typedef.h">
      <Filter>Define Files</Filter>
    </ClInclude>
    <ClInclude Include="SignalChart\ChartDef_Stock.h">
      <Filter>Signal Chart</Filter>
    </ClInclude>
    <ClInclude Include="SignalChart\ChartItem_Stock.h">
      <Filter>Signal Chart</Filter>
    </ClInclude>
    <ClInclude Include="SignalChart\DlgChart_Stock.h">
      <Filter>Signal Chart</Filter>
    </ClInclude>
  </ItemGroup>
  <ItemGroup>
    <Image Include="res\Btn_Img\btn_exp_left.bmp">
      <Filter>Resource Files</Filter>
    </Image>
    <Image Include="res\Btn_Img\btn_exp_right.bmp">
      <Filter>Resource Files</Filter>
    </Image>
  </ItemGroup>
  <ItemGroup>
    <Text Include="ReadMe.txt" />
  </ItemGroup>
  <ItemGroup>
    <CustomBuild Include="SignalSearch.def">
      <Filter>Source Files</Filter>
    </CustomBuild>
    <CustomBuild Include="res\SignalSearch.rc2">
      <Filter>Resource Files</Filter>
    </CustomBuild>
  </ItemGroup>
</Project>