<?xml version="1.0" encoding="utf-8"?>
<Project ToolsVersion="4.0" xmlns="http://schemas.microsoft.com/developer/msbuild/2003">
  <ItemGroup>
    <Filter Include="Source Files">
      <UniqueIdentifier>{85f8715b-fed7-44ce-b931-a7c75297b125}</UniqueIdentifier>
      <Extensions>cpp;c;cxx;rc;def;r;odl;idl;hpj;bat</Extensions>
    </Filter>
    <Filter Include="Header Files">
      <UniqueIdentifier>{feeb2e6e-8161-4586-a05b-970bb37ff10b}</UniqueIdentifier>
      <Extensions>h;hpp;hxx;hm;inl</Extensions>
    </Filter>
    <Filter Include="Resource Files">
      <UniqueIdentifier>{0be231c9-900c-4e05-b785-782e60814463}</UniqueIdentifier>
      <Extensions>ico;cur;bmp;dlg;rc2;rct;bin;rgs;gif;jpg;jpeg;jpe</Extensions>
    </Filter>
    <Filter Include="grid">
      <UniqueIdentifier>{5bf8acd0-4faa-40d1-a7ed-ab24b5a0a7d1}</UniqueIdentifier>
    </Filter>
  </ItemGroup>
  <ItemGroup>
    <ClCompile Include="AxisExt.cpp">
      <Filter>Source Files</Filter>
    </ClCompile>
    <ClCompile Include="CodeDuplicate.cpp">
      <Filter>Source Files</Filter>
    </ClCompile>
    <ClCompile Include="GridCtrlExt.cpp">
      <Filter>Source Files</Filter>
    </ClCompile>
    <ClCompile Include="GridWnd.cpp">
      <Filter>Source Files</Filter>
    </ClCompile>
    <ClCompile Include="GroupWnd.cpp">
      <Filter>Source Files</Filter>
    </ClCompile>
    <ClCompile Include="IB202700.cpp">
      <Filter>Source Files</Filter>
    </ClCompile>
    <ClCompile Include="..\IhUtils.cpp">
      <Filter>Source Files</Filter>
    </ClCompile>
    <ClCompile Include="MainWnd.cpp">
      <Filter>Source Files</Filter>
    </ClCompile>
    <ClCompile Include="MoveSetupDlg.cpp">
      <Filter>Source Files</Filter>
    </ClCompile>
    <ClCompile Include="PopupDlg.cpp">
      <Filter>Source Files</Filter>
    </ClCompile>
    <ClCompile Include="StdAfx.cpp">
      <Filter>Source Files</Filter>
    </ClCompile>
    <ClCompile Include="grid\GridCell.cpp">
      <Filter>grid</Filter>
    </ClCompile>
    <ClCompile Include="grid\GridCellBase.cpp">
      <Filter>grid</Filter>
    </ClCompile>
    <ClCompile Include="grid\GridCtrl.cpp">
      <Filter>grid</Filter>
    </ClCompile>
    <ClCompile Include="grid\GridDropTarget.cpp">
      <Filter>grid</Filter>
    </ClCompile>
    <ClCompile Include="grid\IHCodeCtrl.cpp">
      <Filter>grid</Filter>
    </ClCompile>
    <ClCompile Include="grid\InPlaceCombo.cpp">
      <Filter>grid</Filter>
    </ClCompile>
    <ClCompile Include="grid\InPlaceEdit.cpp">
      <Filter>grid</Filter>
    </ClCompile>
    <ClCompile Include="grid\TitleTip.cpp">
      <Filter>grid</Filter>
    </ClCompile>
  </ItemGroup>
  <ItemGroup>
    <Midl Include="IB202700.odl">
      <Filter>Source Files</Filter>
    </Midl>
  </ItemGroup>
  <ItemGroup>
    <ResourceCompile Include="IB202700.rc">
      <Filter>Source Files</Filter>
    </ResourceCompile>
  </ItemGroup>
  <ItemGroup>
    <ClInclude Include="AxisExt.h">
      <Filter>Header Files</Filter>
    </ClInclude>
    <ClInclude Include="CodeDuplicate.h">
      <Filter>Header Files</Filter>
    </ClInclude>
    <ClInclude Include="Common.h">
      <Filter>Header Files</Filter>
    </ClInclude>
    <ClInclude Include="GridCtrlExt.h">
      <Filter>Header Files</Filter>
    </ClInclude>
    <ClInclude Include="GridWnd.h">
      <Filter>Header Files</Filter>
    </ClInclude>
    <ClInclude Include="GroupWnd.h">
      <Filter>Header Files</Filter>
    </ClInclude>
    <ClInclude Include="IB202700.h">
      <Filter>Header Files</Filter>
    </ClInclude>
    <ClInclude Include="ioformat.h">
      <Filter>Header Files</Filter>
    </ClInclude>
    <ClInclude Include="MainWnd.h">
      <Filter>Header Files</Filter>
    </ClInclude>
    <ClInclude Include="MoveSetupDlg.h">
      <Filter>Header Files</Filter>
    </ClInclude>
    <ClInclude Include="PopupDlg.h">
      <Filter>Header Files</Filter>
    </ClInclude>
    <ClInclude Include="Resource.h">
      <Filter>Header Files</Filter>
    </ClInclude>
    <ClInclude Include="StdAfx.h">
      <Filter>Header Files</Filter>
    </ClInclude>
    <ClInclude Include="grid\CellRange.h">
      <Filter>grid</Filter>
    </ClInclude>
    <ClInclude Include="grid\GridCell.h">
      <Filter>grid</Filter>
    </ClInclude>
    <ClInclude Include="grid\GridCellBase.h">
      <Filter>grid</Filter>
    </ClInclude>
    <ClInclude Include="grid\GridCtrl.h">
      <Filter>grid</Filter>
    </ClInclude>
    <ClInclude Include="grid\GridDropTarget.h">
      <Filter>grid</Filter>
    </ClInclude>
    <ClInclude Include="grid\griditem.h">
      <Filter>grid</Filter>
    </ClInclude>
    <ClInclude Include="grid\IHCodeCtrl.h">
      <Filter>grid</Filter>
    </ClInclude>
    <ClInclude Include="grid\InPlaceCombo.h">
      <Filter>grid</Filter>
    </ClInclude>
    <ClInclude Include="grid\InPlaceEdit.h">
      <Filter>grid</Filter>
    </ClInclude>
    <ClInclude Include="grid\MemDC.h">
      <Filter>grid</Filter>
    </ClInclude>
    <ClInclude Include="grid\TitleTip.h">
      <Filter>grid</Filter>
    </ClInclude>
  </ItemGroup>
  <ItemGroup>
    <Text Include="ReadMe.txt" />
  </ItemGroup>
  <ItemGroup>
    <CustomBuild Include="IB202700.def">
      <Filter>Source Files</Filter>
    </CustomBuild>
    <CustomBuild Include="res\IB202700.rc2">
      <Filter>Resource Files</Filter>
    </CustomBuild>
  </ItemGroup>
</Project>