
Microsoft Visual Studio Solution File, Format Version 11.00
# Visual Studio 2010
Project("{8BC9CEB8-8B4A-11D0-8D11-00A0C91BC942}") = "RushTester", "RushTester.vcxproj", "{C06EFA51-6B36-D15F-3468-6905BE18263B}"
EndProject
Global
	GlobalSection(SolutionConfigurationPlatforms) = preSolution
		Debug|Win32 = Debug|Win32
		Release|Win32 = Release|Win32
	EndGlobalSection
	GlobalSection(ProjectConfigurationPlatforms) = postSolution
		{C06EFA51-6B36-D15F-3468-6905BE18263B}.Debug|Win32.ActiveCfg = Debug|Win32
		{C06EFA51-6B36-D15F-3468-6905BE18263B}.Debug|Win32.Build.0 = Debug|Win32
		{C06EFA51-6B36-D15F-3468-6905BE18263B}.Release|Win32.ActiveCfg = Release|Win32
		{C06EFA51-6B36-D15F-3468-6905BE18263B}.Release|Win32.Build.0 = Release|Win32
	EndGlobalSection
	GlobalSection(SolutionProperties) = preSolution
		HideSolutionNode = FALSE
	EndGlobalSection
EndGlobal
