<?xml version="1.0" encoding="utf-8"?>
<Project ToolsVersion="4.0" xmlns="http://schemas.microsoft.com/developer/msbuild/2003">
  <ItemGroup>
    <Filter Include="Source Files">
      <UniqueIdentifier>{e37db87a-a880-421f-81f1-fc979bd60112}</UniqueIdentifier>
      <Extensions>cpp;c;cxx;rc;def;r;odl;idl;hpj;bat</Extensions>
    </Filter>
    <Filter Include="Header Files">
      <UniqueIdentifier>{cfb927a8-1941-4b26-9cd0-21ceaad570ff}</UniqueIdentifier>
      <Extensions>h;hpp;hxx;hm;inl</Extensions>
    </Filter>
    <Filter Include="Resource Files">
      <UniqueIdentifier>{b21ece74-e27d-41e9-8896-ae844a4b009f}</UniqueIdentifier>
      <Extensions>ico;cur;bmp;dlg;rc2;rct;bin;rgs;gif;jpg;jpeg;jpe</Extensions>
    </Filter>
  </ItemGroup>
  <ItemGroup>
    <ClCompile Include="..\Include_AddIn_134661\I134661\_ChartAddInBase.cpp">
      <Filter>Source Files</Filter>
    </ClCompile>
    <ClCompile Include="..\Include_AddIn_134661\_IWUnknown.cpp">
      <Filter>Source Files</Filter>
    </ClCompile>
    <ClCompile Include="AddInLoadInfoPage.cpp">
      <Filter>Source Files</Filter>
    </ClCompile>
    <ClCompile Include="BlockSetDlg.cpp">
      <Filter>Source Files</Filter>
    </ClCompile>
    <ClCompile Include="ChartDesignPropertyAddIn.cpp">
      <Filter>Source Files</Filter>
    </ClCompile>
    <ClCompile Include="ChartDesignPropertyAddInImp.cpp">
      <Filter>Source Files</Filter>
    </ClCompile>
    <ClCompile Include="chartdrop.cpp">
      <Filter>Source Files</Filter>
    </ClCompile>
    <ClCompile Include="ChartLink.cpp">
      <Filter>Source Files</Filter>
    </ClCompile>
    <ClCompile Include="ChartListPage.cpp">
      <Filter>Source Files</Filter>
    </ClCompile>
    <ClCompile Include="ChartPropertySheet.cpp">
      <Filter>Source Files</Filter>
    </ClCompile>
    <ClCompile Include="CheckComboBox.cpp">
      <Filter>Source Files</Filter>
    </ClCompile>
    <ClCompile Include="ColorSetDlg.cpp">
      <Filter>Source Files</Filter>
    </ClCompile>
    <ClCompile Include="ColourPicker.cpp">
      <Filter>Source Files</Filter>
    </ClCompile>
    <ClCompile Include="ColourPopup.cpp">
      <Filter>Source Files</Filter>
    </ClCompile>
    <ClCompile Include="ComboEdit.cpp">
      <Filter>Source Files</Filter>
    </ClCompile>
    <ClCompile Include="ComboInListView.cpp">
      <Filter>Source Files</Filter>
    </ClCompile>
    <ClCompile Include="..\Include_Chart\Conversion.cpp">
      <Filter>Source Files</Filter>
    </ClCompile>
    <ClCompile Include="..\Include_Chart\DataMath.cpp">
      <Filter>Source Files</Filter>
    </ClCompile>
    <ClCompile Include="DataOfChartListPage.cpp">
      <Filter>Source Files</Filter>
    </ClCompile>
    <ClCompile Include="DataOfPacketPage.cpp">
      <Filter>Source Files</Filter>
    </ClCompile>
    <ClCompile Include="DFontPropPage.cpp">
      <Filter>Source Files</Filter>
    </ClCompile>
    <ClCompile Include="DialogExpander.cpp">
      <Filter>Source Files</Filter>
    </ClCompile>
    <ClCompile Include="DlgBlockHorizontalScale.cpp">
      <Filter>Source Files</Filter>
    </ClCompile>
    <ClCompile Include="DlgBlockVerticalScale.cpp">
      <Filter>Source Files</Filter>
    </ClCompile>
    <ClCompile Include="DlgChartInvertSetting.cpp">
      <Filter>Source Files</Filter>
    </ClCompile>
    <ClCompile Include="DlgGlobalLanguageTable.cpp">
      <Filter>Source Files</Filter>
    </ClCompile>
    <ClCompile Include="DlgGraphSetting.cpp">
      <Filter>Source Files</Filter>
    </ClCompile>
    <ClCompile Include="DlgGraphSetting2.cpp">
      <Filter>Source Files</Filter>
    </ClCompile>
    <ClCompile Include="DlgLocalLanguageTable.cpp">
      <Filter>Source Files</Filter>
    </ClCompile>
    <ClCompile Include="DlgShareSet.cpp">
      <Filter>Source Files</Filter>
    </ClCompile>
    <ClCompile Include="DlgSubGraphSetting.cpp">
      <Filter>Source Files</Filter>
    </ClCompile>
    <ClCompile Include="DlgToolTip.cpp">
      <Filter>Source Files</Filter>
    </ClCompile>
    <ClCompile Include="EditableListCtrl.cpp">
      <Filter>Source Files</Filter>
    </ClCompile>
    <ClCompile Include="GraphColorCollection.cpp">
      <Filter>Source Files</Filter>
    </ClCompile>
    <ClCompile Include="GraphSettingButton.cpp">
      <Filter>Source Files</Filter>
    </ClCompile>
    <ClCompile Include="..\Include_Chart\Dll_Load\IMetaTable.cpp">
      <Filter>Source Files</Filter>
    </ClCompile>
    <ClCompile Include="InitializeControlDlg.cpp">
      <Filter>Source Files</Filter>
    </ClCompile>
    <ClCompile Include="LineColor.cpp">
      <Filter>Source Files</Filter>
    </ClCompile>
    <ClCompile Include="listeditctrl.cpp">
      <Filter>Source Files</Filter>
    </ClCompile>
    <ClCompile Include="LVEdit.cpp">
      <Filter>Source Files</Filter>
    </ClCompile>
    <ClCompile Include="MyListCtrl.cpp">
      <Filter>Source Files</Filter>
    </ClCompile>
    <ClCompile Include="MyTreeCtrl.cpp">
      <Filter>Source Files</Filter>
    </ClCompile>
    <ClCompile Include="NeoColorTable.cpp">
      <Filter>Source Files</Filter>
    </ClCompile>
    <ClCompile Include="NoSystemMenuCombo.cpp">
      <Filter>Source Files</Filter>
    </ClCompile>
    <ClCompile Include="NoSystemMenuEdit.cpp">
      <Filter>Source Files</Filter>
    </ClCompile>
    <ClCompile Include="NumericalInquiryOptionDlg.cpp">
      <Filter>Source Files</Filter>
    </ClCompile>
    <ClCompile Include="PacketPage.cpp">
      <Filter>Source Files</Filter>
    </ClCompile>
    <ClCompile Include="PacketSuperGrid.cpp">
      <Filter>Source Files</Filter>
    </ClCompile>
    <ClCompile Include="PacketUserDefine.cpp">
      <Filter>Source Files</Filter>
    </ClCompile>
    <ClCompile Include="..\Include_Chart\PropertiesData.cpp">
      <Filter>Source Files</Filter>
    </ClCompile>
    <ClCompile Include="Realinfo.cpp">
      <Filter>Source Files</Filter>
    </ClCompile>
    <ClCompile Include="RealPacketPage.cpp">
      <Filter>Source Files</Filter>
    </ClCompile>
    <ClCompile Include="SharedDataPage.cpp">
      <Filter>Source Files</Filter>
    </ClCompile>
    <ClCompile Include="StdAfx.cpp">
      <Filter>Source Files</Filter>
    </ClCompile>
    <ClCompile Include="supergridctrl.cpp">
      <Filter>Source Files</Filter>
    </ClCompile>
    <ClCompile Include="ToolandRButtonBase_ListCtrl.cpp">
      <Filter>Source Files</Filter>
    </ClCompile>
    <ClCompile Include="ToolandRButtonDlgwithGrid_ListCtrl.cpp">
      <Filter>Source Files</Filter>
    </ClCompile>
    <ClCompile Include="ToolandRButtonGrid_ListCtrl.cpp">
      <Filter>Source Files</Filter>
    </ClCompile>
    <ClCompile Include="ToolandRButtonItemMgr.cpp">
      <Filter>Source Files</Filter>
    </ClCompile>
    <ClCompile Include="ToolandRButtonPage.cpp">
      <Filter>Source Files</Filter>
    </ClCompile>
    <ClCompile Include="ToolandRButtonTabCtrl.cpp">
      <Filter>Source Files</Filter>
    </ClCompile>
    <ClCompile Include="ToolListData.cpp">
      <Filter>Source Files</Filter>
    </ClCompile>
    <ClCompile Include="TreeCombo.cpp">
      <Filter>Source Files</Filter>
    </ClCompile>
    <ClCompile Include="TreeDropList.cpp">
      <Filter>Source Files</Filter>
    </ClCompile>
    <ClCompile Include="ViewDesignPage.cpp">
      <Filter>Source Files</Filter>
    </ClCompile>
    <ClCompile Include="ViewDesignPage2.cpp">
      <Filter>Source Files</Filter>
    </ClCompile>
  </ItemGroup>
  <ItemGroup>
    <ResourceCompile Include="ChartDesignPropertyAddIn.rc">
      <Filter>Source Files</Filter>
    </ResourceCompile>
  </ItemGroup>
  <ItemGroup>
    <ClInclude Include="..\Include_AddIn_134661\I134661\_ChartAddInBase.h">
      <Filter>Header Files</Filter>
    </ClInclude>
    <ClInclude Include="AddInLoadInfoPage.h">
      <Filter>Header Files</Filter>
    </ClInclude>
    <ClInclude Include="BlockSetDlg.h">
      <Filter>Header Files</Filter>
    </ClInclude>
    <ClInclude Include="ChartDesignPropertyAddIn.h">
      <Filter>Header Files</Filter>
    </ClInclude>
    <ClInclude Include="ChartDesignPropertyAddInImp.h">
      <Filter>Header Files</Filter>
    </ClInclude>
    <ClInclude Include="chartdrop.h">
      <Filter>Header Files</Filter>
    </ClInclude>
    <ClInclude Include="ChartLink.h">
      <Filter>Header Files</Filter>
    </ClInclude>
    <ClInclude Include="ChartListPage.h">
      <Filter>Header Files</Filter>
    </ClInclude>
    <ClInclude Include="ChartPropertySheet.h">
      <Filter>Header Files</Filter>
    </ClInclude>
    <ClInclude Include="CheckComboBox.h">
      <Filter>Header Files</Filter>
    </ClInclude>
    <ClInclude Include="ColorSetDlg.h">
      <Filter>Header Files</Filter>
    </ClInclude>
    <ClInclude Include="ColourPicker.h">
      <Filter>Header Files</Filter>
    </ClInclude>
    <ClInclude Include="ColourPopup.h">
      <Filter>Header Files</Filter>
    </ClInclude>
    <ClInclude Include="ComboEdit.h">
      <Filter>Header Files</Filter>
    </ClInclude>
    <ClInclude Include="ComboInListView.h">
      <Filter>Header Files</Filter>
    </ClInclude>
    <ClInclude Include="DataOfChartListPage.h">
      <Filter>Header Files</Filter>
    </ClInclude>
    <ClInclude Include="DataOfPacketPage.h">
      <Filter>Header Files</Filter>
    </ClInclude>
    <ClInclude Include="DFontPropPage.h">
      <Filter>Header Files</Filter>
    </ClInclude>
    <ClInclude Include="DialogExpander.h">
      <Filter>Header Files</Filter>
    </ClInclude>
    <ClInclude Include="DlgBlockHorizontalScale.h">
      <Filter>Header Files</Filter>
    </ClInclude>
    <ClInclude Include="DlgBlockVerticalScale.h">
      <Filter>Header Files</Filter>
    </ClInclude>
    <ClInclude Include="DlgChartInvertSetting.h">
      <Filter>Header Files</Filter>
    </ClInclude>
    <ClInclude Include="DlgGlobalLanguageTable.h">
      <Filter>Header Files</Filter>
    </ClInclude>
    <ClInclude Include="DlgGraphSetting.h">
      <Filter>Header Files</Filter>
    </ClInclude>
    <ClInclude Include="DlgGraphSetting2.h">
      <Filter>Header Files</Filter>
    </ClInclude>
    <ClInclude Include="DlgLocalLanguageTable.h">
      <Filter>Header Files</Filter>
    </ClInclude>
    <ClInclude Include="DlgShareSet.h">
      <Filter>Header Files</Filter>
    </ClInclude>
    <ClInclude Include="DlgSubGraphSetting.h">
      <Filter>Header Files</Filter>
    </ClInclude>
    <ClInclude Include="DlgToolTip.h">
      <Filter>Header Files</Filter>
    </ClInclude>
    <ClInclude Include="EditableListCtrl.h">
      <Filter>Header Files</Filter>
    </ClInclude>
    <ClInclude Include="GraphColorCollection.h">
      <Filter>Header Files</Filter>
    </ClInclude>
    <ClInclude Include="GraphSettingButton.h">
      <Filter>Header Files</Filter>
    </ClInclude>
    <ClInclude Include="InitializeControlDlg.h">
      <Filter>Header Files</Filter>
    </ClInclude>
    <ClInclude Include="LineColor.h">
      <Filter>Header Files</Filter>
    </ClInclude>
    <ClInclude Include="listeditctrl.h">
      <Filter>Header Files</Filter>
    </ClInclude>
    <ClInclude Include="LVEdit.h">
      <Filter>Header Files</Filter>
    </ClInclude>
    <ClInclude Include="MyListCtrl.h">
      <Filter>Header Files</Filter>
    </ClInclude>
    <ClInclude Include="MyTreeCtrl.h">
      <Filter>Header Files</Filter>
    </ClInclude>
    <ClInclude Include="NeoColorTable.h">
      <Filter>Header Files</Filter>
    </ClInclude>
    <ClInclude Include="NoSystemMenuCombo.h">
      <Filter>Header Files</Filter>
    </ClInclude>
    <ClInclude Include="NoSystemMenuEdit.h">
      <Filter>Header Files</Filter>
    </ClInclude>
    <ClInclude Include="NumericalInquiryOptionDlg.h">
      <Filter>Header Files</Filter>
    </ClInclude>
    <ClInclude Include="PacketPage.h">
      <Filter>Header Files</Filter>
    </ClInclude>
    <ClInclude Include="PacketSuperGrid.h">
      <Filter>Header Files</Filter>
    </ClInclude>
    <ClInclude Include="PacketUserDefine.h">
      <Filter>Header Files</Filter>
    </ClInclude>
    <ClInclude Include="Realinfo.h">
      <Filter>Header Files</Filter>
    </ClInclude>
    <ClInclude Include="RealPacketPage.h">
      <Filter>Header Files</Filter>
    </ClInclude>
    <ClInclude Include="Resource.h">
      <Filter>Header Files</Filter>
    </ClInclude>
    <ClInclude Include="SharedDataPage.h">
      <Filter>Header Files</Filter>
    </ClInclude>
    <ClInclude Include="StdAfx.h">
      <Filter>Header Files</Filter>
    </ClInclude>
    <ClInclude Include="supergridctrl.h">
      <Filter>Header Files</Filter>
    </ClInclude>
    <ClInclude Include="ToolandRButtonBase_ListCtrl.h">
      <Filter>Header Files</Filter>
    </ClInclude>
    <ClInclude Include="ToolandRButtonDlgwithGrid_ListCtrl.h">
      <Filter>Header Files</Filter>
    </ClInclude>
    <ClInclude Include="ToolandRButtonGrid_ListCtrl.h">
      <Filter>Header Files</Filter>
    </ClInclude>
    <ClInclude Include="ToolandRButtonItemMgr.h">
      <Filter>Header Files</Filter>
    </ClInclude>
    <ClInclude Include="ToolandRButtonPage.h">
      <Filter>Header Files</Filter>
    </ClInclude>
    <ClInclude Include="ToolandRButtonTabCtrl.h">
      <Filter>Header Files</Filter>
    </ClInclude>
    <ClInclude Include="ToolListData.h">
      <Filter>Header Files</Filter>
    </ClInclude>
    <ClInclude Include="TreeCombo.h">
      <Filter>Header Files</Filter>
    </ClInclude>
    <ClInclude Include="TreeDropList.h">
      <Filter>Header Files</Filter>
    </ClInclude>
    <ClInclude Include="ViewDesignPage.h">
      <Filter>Header Files</Filter>
    </ClInclude>
    <ClInclude Include="ViewDesignPage2.h">
      <Filter>Header Files</Filter>
    </ClInclude>
  </ItemGroup>
  <ItemGroup>
    <Image Include="res\Block.bmp">
      <Filter>Resource Files</Filter>
    </Image>
    <Image Include="res\BlockColor.bmp">
      <Filter>Resource Files</Filter>
    </Image>
    <Image Include="res\bmp00001.bmp">
      <Filter>Resource Files</Filter>
    </Image>
    <Image Include="res\ColumnBlockShape.bmp">
      <Filter>Resource Files</Filter>
    </Image>
    <Image Include="res\folders.bmp">
      <Filter>Resource Files</Filter>
    </Image>
    <Image Include="list.bmp">
      <Filter>Resource Files</Filter>
    </Image>
    <Image Include="res\list.bmp">
      <Filter>Resource Files</Filter>
    </Image>
    <Image Include="res\MultiBlockShape.bmp">
      <Filter>Resource Files</Filter>
    </Image>
    <Image Include="res\RowBlockEdgeSpace.bmp">
      <Filter>Resource Files</Filter>
    </Image>
    <Image Include="res\Toolbar.bmp">
      <Filter>Resource Files</Filter>
    </Image>
  </ItemGroup>
  <ItemGroup>
    <Text Include="ReadMe.txt" />
  </ItemGroup>
  <ItemGroup>
    <CustomBuild Include="ChartDesignPropertyAddIn.def">
      <Filter>Source Files</Filter>
    </CustomBuild>
    <CustomBuild Include="res\ChartDesignPropertyAddIn.rc2">
      <Filter>Resource Files</Filter>
    </CustomBuild>
    <CustomBuild Include="res\ChartDesignPropertyAddIn.eng" />
  </ItemGroup>
</Project>