<?xml version="1.0" encoding="utf-8"?>
<Project ToolsVersion="4.0" xmlns="http://schemas.microsoft.com/developer/msbuild/2003">
  <ItemGroup>
    <Filter Include="Source Files">
      <UniqueIdentifier>{78d8d19e-4c7e-4324-bf03-ef05c6666b3c}</UniqueIdentifier>
      <Extensions>cpp;c;cxx;rc;def;r;odl;idl;hpj;bat</Extensions>
    </Filter>
    <Filter Include="Header Files">
      <UniqueIdentifier>{88340f29-aa3a-4160-9cf6-1eb84c90a584}</UniqueIdentifier>
      <Extensions>h;hpp;hxx;hm;inl</Extensions>
    </Filter>
    <Filter Include="Resource Files">
      <UniqueIdentifier>{cb3bbc32-7ab1-465e-b518-6964effa729f}</UniqueIdentifier>
      <Extensions>ico;cur;bmp;dlg;rc2;rct;bin;rgs;gif;jpg;jpeg;jpe</Extensions>
    </Filter>
    <Filter Include="grid">
      <UniqueIdentifier>{f2d5c8d4-85cb-4261-9cac-5fb98e295a1c}</UniqueIdentifier>
    </Filter>
  </ItemGroup>
  <ItemGroup>
    <ClCompile Include="AxisExt.cpp">
      <Filter>Source Files</Filter>
    </ClCompile>
    <ClCompile Include="ControlWnd.cpp">
      <Filter>Source Files</Filter>
    </ClCompile>
    <ClCompile Include="CX_IB220001.cpp">
      <Filter>Source Files</Filter>
    </ClCompile>
    <ClCompile Include="StdAfx.cpp">
      <Filter>Source Files</Filter>
    </ClCompile>
    <ClCompile Include="grid\GridCell.cpp">
      <Filter>grid</Filter>
    </ClCompile>
    <ClCompile Include="grid\GridCellBase.cpp">
      <Filter>grid</Filter>
    </ClCompile>
    <ClCompile Include="grid\GridCtrl.cpp">
      <Filter>grid</Filter>
    </ClCompile>
    <ClCompile Include="grid\GridDropTarget.cpp">
      <Filter>grid</Filter>
    </ClCompile>
    <ClCompile Include="grid\InPlaceEdit.cpp">
      <Filter>grid</Filter>
    </ClCompile>
    <ClCompile Include="grid\TitleTip.cpp">
      <Filter>grid</Filter>
    </ClCompile>
  </ItemGroup>
  <ItemGroup>
    <ResourceCompile Include="CX_IB220001.rc">
      <Filter>Source Files</Filter>
    </ResourceCompile>
  </ItemGroup>
  <ItemGroup>
    <ClInclude Include="AxisExt.h">
      <Filter>Header Files</Filter>
    </ClInclude>
    <ClInclude Include="Common.h">
      <Filter>Header Files</Filter>
    </ClInclude>
    <ClInclude Include="ControlWnd.h">
      <Filter>Header Files</Filter>
    </ClInclude>
    <ClInclude Include="CX_IB220001.h">
      <Filter>Header Files</Filter>
    </ClInclude>
    <ClInclude Include="dataio.h">
      <Filter>Header Files</Filter>
    </ClInclude>
    <ClInclude Include="Resource.h">
      <Filter>Header Files</Filter>
    </ClInclude>
    <ClInclude Include="StdAfx.h">
      <Filter>Header Files</Filter>
    </ClInclude>
    <ClInclude Include="grid\CellRange.h">
      <Filter>grid</Filter>
    </ClInclude>
    <ClInclude Include="grid\GridCell.h">
      <Filter>grid</Filter>
    </ClInclude>
    <ClInclude Include="grid\GridCellBase.h">
      <Filter>grid</Filter>
    </ClInclude>
    <ClInclude Include="grid\GridCtrl.h">
      <Filter>grid</Filter>
    </ClInclude>
    <ClInclude Include="grid\GridDropTarget.h">
      <Filter>grid</Filter>
    </ClInclude>
    <ClInclude Include="grid\InPlaceEdit.h">
      <Filter>grid</Filter>
    </ClInclude>
    <ClInclude Include="grid\StdAfx.h">
      <Filter>grid</Filter>
    </ClInclude>
    <ClInclude Include="grid\TitleTip.h">
      <Filter>grid</Filter>
    </ClInclude>
  </ItemGroup>
  <ItemGroup>
    <CustomBuild Include="CX_IB220001.def">
      <Filter>Source Files</Filter>
    </CustomBuild>
    <CustomBuild Include="res\CX_IB220001.rc2">
      <Filter>Resource Files</Filter>
    </CustomBuild>
  </ItemGroup>
</Project>