<?xml version="1.0" encoding="utf-8"?>
<Project ToolsVersion="4.0" xmlns="http://schemas.microsoft.com/developer/msbuild/2003">
  <ItemGroup>
    <Filter Include="Source Files">
      <UniqueIdentifier>{9398d8ea-3287-4f42-b2db-b3f329eda4ae}</UniqueIdentifier>
      <Extensions>cpp;c;cxx;rc;def;r;odl;idl;hpj;bat</Extensions>
    </Filter>
    <Filter Include="Header Files">
      <UniqueIdentifier>{405a755e-c091-46ea-a362-5ddce8584674}</UniqueIdentifier>
      <Extensions>h;hpp;hxx;hm;inl</Extensions>
    </Filter>
    <Filter Include="Resource Files">
      <UniqueIdentifier>{7e147be3-1ca9-4b69-85a9-6de484436be6}</UniqueIdentifier>
      <Extensions>ico;cur;bmp;dlg;rc2;rct;bin;rgs;gif;jpg;jpeg;jpe</Extensions>
    </Filter>
    <Filter Include="LexYacc">
      <UniqueIdentifier>{01b8f0d3-5c0c-475d-85b4-fc163dedebeb}</UniqueIdentifier>
    </Filter>
  </ItemGroup>
  <ItemGroup>
    <ClCompile Include="SysTrading\ParseCPlusPlus.cpp">
      <Filter>Source Files</Filter>
    </ClCompile>
    <ClCompile Include="SysTrading\ParseVBScript.cpp">
      <Filter>Source Files</Filter>
    </ClCompile>
    <ClCompile Include="StdAfx.cpp">
      <Filter>Source Files</Filter>
    </ClCompile>
    <ClCompile Include="SystemTradingParser.cpp">
      <Filter>Source Files</Filter>
    </ClCompile>
    <ClCompile Include="SysTrading\SysTrading.cpp">
      <Filter>Source Files</Filter>
    </ClCompile>
    <ClCompile Include="SysTrading\SysTrading.l.cpp">
      <Filter>Source Files</Filter>
    </ClCompile>
    <ClCompile Include="SysTrading\SysTradingParser.cpp">
      <Filter>Source Files</Filter>
    </ClCompile>
  </ItemGroup>
  <ItemGroup>
    <ResourceCompile Include="SystemTradingParser.rc">
      <Filter>Source Files</Filter>
    </ResourceCompile>
  </ItemGroup>
  <ItemGroup>
    <ClInclude Include="SysTrading\DeclareDefine.h">
      <Filter>Header Files</Filter>
    </ClInclude>
    <ClInclude Include="Resource.h">
      <Filter>Header Files</Filter>
    </ClInclude>
    <ClInclude Include="StdAfx.h">
      <Filter>Header Files</Filter>
    </ClInclude>
    <ClInclude Include="SystemTradingParser.h">
      <Filter>Header Files</Filter>
    </ClInclude>
  </ItemGroup>
  <ItemGroup>
    <Text Include="ReadMe.txt" />
  </ItemGroup>
  <ItemGroup>
    <CustomBuild Include="SystemTradingParser.def">
      <Filter>Source Files</Filter>
    </CustomBuild>
    <CustomBuild Include="SysTrading\SysTradingParser.inl">
      <Filter>Source Files</Filter>
    </CustomBuild>
    <CustomBuild Include="res\SystemTradingParser.rc2">
      <Filter>Resource Files</Filter>
    </CustomBuild>
    <CustomBuild Include="SysTrading\SysTrading.l">
      <Filter>LexYacc</Filter>
    </CustomBuild>
    <CustomBuild Include="SysTrading\SysTrading.y">
      <Filter>LexYacc</Filter>
    </CustomBuild>
  </ItemGroup>
</Project>