<?xml version="1.0" encoding="utf-8"?>
<Project ToolsVersion="4.0" xmlns="http://schemas.microsoft.com/developer/msbuild/2003">
  <ItemGroup>
    <Filter Include="Source Files">
      <UniqueIdentifier>{c7d55a8d-5559-4b8f-a606-e6a99c447988}</UniqueIdentifier>
      <Extensions>cpp;c;cxx;rc;def;r;odl;idl;hpj;bat</Extensions>
    </Filter>
    <Filter Include="Header Files">
      <UniqueIdentifier>{8e3155c6-fd62-46d3-a33f-e95610a3cfef}</UniqueIdentifier>
      <Extensions>h;hpp;hxx;hm;inl</Extensions>
    </Filter>
    <Filter Include="Resource Files">
      <UniqueIdentifier>{9c0da674-fd5e-4904-b7bd-0009fa53555e}</UniqueIdentifier>
      <Extensions>ico;cur;bmp;dlg;rc2;rct;bin;rgs;gif;jpg;jpeg;jpe</Extensions>
    </Filter>
    <Filter Include="ctrl">
      <UniqueIdentifier>{009ac8fb-9e4c-4ce0-8bb3-7a629cfeadfc}</UniqueIdentifier>
    </Filter>
  </ItemGroup>
  <ItemGroup>
    <ClCompile Include="AxWnd.cpp">
      <Filter>Source Files</Filter>
    </ClCompile>
    <ClCompile Include="CodeList.cpp">
      <Filter>Source Files</Filter>
    </ClCompile>
    <ClCompile Include="ControlWnd.cpp">
      <Filter>Source Files</Filter>
    </ClCompile>
    <ClCompile Include="cx_codectrl.cpp">
      <Filter>Source Files</Filter>
    </ClCompile>
    <ClCompile Include="DDEDIT.CPP">
      <Filter>Source Files</Filter>
    </ClCompile>
    <ClCompile Include="fxCodeCtrl.cpp">
      <Filter>Source Files</Filter>
    </ClCompile>
    <ClCompile Include="InfoPopup.cpp">
      <Filter>Source Files</Filter>
    </ClCompile>
    <ClCompile Include="NButton.cpp">
      <Filter>Source Files</Filter>
    </ClCompile>
    <ClCompile Include="StdAfx.cpp">
      <Filter>Source Files</Filter>
    </ClCompile>
    <ClCompile Include="SymbolWnd.cpp">
      <Filter>Source Files</Filter>
    </ClCompile>
    <ClCompile Include="AxBitmap.cpp">
      <Filter>ctrl</Filter>
    </ClCompile>
    <ClCompile Include="ctrls\EditX.cpp">
      <Filter>ctrl</Filter>
    </ClCompile>
    <ClCompile Include="ctrls\fxImgButton.cpp">
      <Filter>ctrl</Filter>
    </ClCompile>
  </ItemGroup>
  <ItemGroup>
    <Midl Include="cx_codectrl.odl">
      <Filter>Source Files</Filter>
    </Midl>
  </ItemGroup>
  <ItemGroup>
    <ResourceCompile Include="cx_codectrl.rc">
      <Filter>Source Files</Filter>
    </ResourceCompile>
  </ItemGroup>
  <ItemGroup>
    <ClInclude Include="AxWnd.h">
      <Filter>Header Files</Filter>
    </ClInclude>
    <ClInclude Include="CodeList.h">
      <Filter>Header Files</Filter>
    </ClInclude>
    <ClInclude Include="ControlWnd.h">
      <Filter>Header Files</Filter>
    </ClInclude>
    <ClInclude Include="cx_codectrl.h">
      <Filter>Header Files</Filter>
    </ClInclude>
    <ClInclude Include="DDEDIT.H">
      <Filter>Header Files</Filter>
    </ClInclude>
    <ClInclude Include="fxCodeCtrl.h">
      <Filter>Header Files</Filter>
    </ClInclude>
    <ClInclude Include="InfoPopup.h">
      <Filter>Header Files</Filter>
    </ClInclude>
    <ClInclude Include="NButton.h">
      <Filter>Header Files</Filter>
    </ClInclude>
    <ClInclude Include="Resource.h">
      <Filter>Header Files</Filter>
    </ClInclude>
    <ClInclude Include="SStatic.h">
      <Filter>Header Files</Filter>
    </ClInclude>
    <ClInclude Include="StdAfx.h">
      <Filter>Header Files</Filter>
    </ClInclude>
    <ClInclude Include="SymbolWnd.h">
      <Filter>Header Files</Filter>
    </ClInclude>
    <ClInclude Include="AxBitmap.h">
      <Filter>ctrl</Filter>
    </ClInclude>
    <ClInclude Include="ctrls\EditX.h">
      <Filter>ctrl</Filter>
    </ClInclude>
    <ClInclude Include="ctrls\fxImgButton.h">
      <Filter>ctrl</Filter>
    </ClInclude>
  </ItemGroup>
  <ItemGroup>
    <Text Include="ReadMe.txt" />
  </ItemGroup>
  <ItemGroup>
    <CustomBuild Include="cx_codectrl.def">
      <Filter>Source Files</Filter>
    </CustomBuild>
    <CustomBuild Include="res\cx_codectrl.rc2">
      <Filter>Resource Files</Filter>
    </CustomBuild>
  </ItemGroup>
</Project>