
Microsoft Visual Studio Solution File, Format Version 12.00
# Visual Studio Version 18
VisualStudioVersion = 18.0.11222.15 d18.0
MinimumVisualStudioVersion = 10.0.40219.1
Project("{8BC9CEB8-8B4A-11D0-8D11-00A0C91BC942}") = "IB202700", "IB202700.vcxproj", "{70985B47-C61D-412E-BE67-D8113E4C87AC}"
EndProject
Project("{8BC9CEB8-8B4A-11D0-8D11-00A0C91BC942}") = "IB200200", "..\IB200200 - 관심종목전광판\IB200200.vcxproj", "{B462DDA2-8C98-41EF-94DB-F466D06DCF15}"
EndProject
Project("{8BC9CEB8-8B4A-11D0-8D11-00A0C91BC942}") = "CX_INTEREST", "..\..\control\CX_INTEREST(운영)\CX_INTEREST.vcxproj", "{77632621-734D-4EB6-9325-21781F09EC7C}"
EndProject
Project("{8BC9CEB8-8B4A-11D0-8D11-00A0C91BC942}") = "AxisCode", "..\..\DLL\AXISCODE-운용\AxisCode.vcxproj", "{3189A766-9FDE-4C51-80DA-232E7CEE87D4}"
EndProject
Project("{8BC9CEB8-8B4A-11D0-8D11-00A0C91BC942}") = "IB202201", "..\IB202201+-+관심종목설정(운영)\IB202201.vcxproj", "{B47EEA98-21D3-487A-BB0F-B4A4065B57C6}"
EndProject
Project("{8BC9CEB8-8B4A-11D0-8D11-00A0C91BC942}") = "IB202202", "..\IB202202+-+관심종목설정\IB202202.vcxproj", "{65F6A01A-8324-4017-94E6-9E819475C0BB}"
EndProject
Project("{8BC9CEB8-8B4A-11D0-8D11-00A0C91BC942}") = "cx_codectrl", "..\..\control\cx_codectrl(운영)\cx_codectrl.vcxproj", "{0773B236-DAB3-4372-98B7-FDE7FE6535D9}"
EndProject
Project("{8BC9CEB8-8B4A-11D0-8D11-00A0C91BC942}") = "fx_misc", "..\..\control\fx_misc\fx_misc.vcxproj", "{2CA8712C-805C-447E-A46F-EA2ED6EF7536}"
EndProject
Project("{8BC9CEB8-8B4A-11D0-8D11-00A0C91BC942}") = "fx_grid", "..\..\control\fx_grid\fx_grid.vcxproj", "{8CFD2E44-E6C4-47A5-B053-E296711771E9}"
EndProject
Global
	GlobalSection(SolutionConfigurationPlatforms) = preSolution
		Debug|x86 = Debug|x86
		Release|x86 = Release|x86
		Template|x86 = Template|x86
	EndGlobalSection
	GlobalSection(ProjectConfigurationPlatforms) = postSolution
		{70985B47-C61D-412E-BE67-D8113E4C87AC}.Debug|x86.ActiveCfg = Debug|Win32
		{70985B47-C61D-412E-BE67-D8113E4C87AC}.Debug|x86.Build.0 = Debug|Win32
		{70985B47-C61D-412E-BE67-D8113E4C87AC}.Release|x86.ActiveCfg = Release|Win32
		{70985B47-C61D-412E-BE67-D8113E4C87AC}.Release|x86.Build.0 = Release|Win32
		{70985B47-C61D-412E-BE67-D8113E4C87AC}.Template|x86.ActiveCfg = Template|Win32
		{70985B47-C61D-412E-BE67-D8113E4C87AC}.Template|x86.Build.0 = Template|Win32
		{B462DDA2-8C98-41EF-94DB-F466D06DCF15}.Debug|x86.ActiveCfg = Debug|Win32
		{B462DDA2-8C98-41EF-94DB-F466D06DCF15}.Debug|x86.Build.0 = Debug|Win32
		{B462DDA2-8C98-41EF-94DB-F466D06DCF15}.Release|x86.ActiveCfg = Release|Win32
		{B462DDA2-8C98-41EF-94DB-F466D06DCF15}.Release|x86.Build.0 = Release|Win32
		{B462DDA2-8C98-41EF-94DB-F466D06DCF15}.Template|x86.ActiveCfg = Template|Win32
		{B462DDA2-8C98-41EF-94DB-F466D06DCF15}.Template|x86.Build.0 = Template|Win32
		{77632621-734D-4EB6-9325-21781F09EC7C}.Debug|x86.ActiveCfg = Debug|Win32
		{77632621-734D-4EB6-9325-21781F09EC7C}.Debug|x86.Build.0 = Debug|Win32
		{77632621-734D-4EB6-9325-21781F09EC7C}.Release|x86.ActiveCfg = Release|Win32
		{77632621-734D-4EB6-9325-21781F09EC7C}.Release|x86.Build.0 = Release|Win32
		{77632621-734D-4EB6-9325-21781F09EC7C}.Template|x86.ActiveCfg = Template|Win32
		{77632621-734D-4EB6-9325-21781F09EC7C}.Template|x86.Build.0 = Template|Win32
		{3189A766-9FDE-4C51-80DA-232E7CEE87D4}.Debug|x86.ActiveCfg = Debug|Win32
		{3189A766-9FDE-4C51-80DA-232E7CEE87D4}.Debug|x86.Build.0 = Debug|Win32
		{3189A766-9FDE-4C51-80DA-232E7CEE87D4}.Release|x86.ActiveCfg = Release|Win32
		{3189A766-9FDE-4C51-80DA-232E7CEE87D4}.Release|x86.Build.0 = Release|Win32
		{3189A766-9FDE-4C51-80DA-232E7CEE87D4}.Template|x86.ActiveCfg = Debug|Win32
		{3189A766-9FDE-4C51-80DA-232E7CEE87D4}.Template|x86.Build.0 = Debug|Win32
		{B47EEA98-21D3-487A-BB0F-B4A4065B57C6}.Debug|x86.ActiveCfg = Debug|Win32
		{B47EEA98-21D3-487A-BB0F-B4A4065B57C6}.Debug|x86.Build.0 = Debug|Win32
		{B47EEA98-21D3-487A-BB0F-B4A4065B57C6}.Release|x86.ActiveCfg = Release|Win32
		{B47EEA98-21D3-487A-BB0F-B4A4065B57C6}.Release|x86.Build.0 = Release|Win32
		{B47EEA98-21D3-487A-BB0F-B4A4065B57C6}.Template|x86.ActiveCfg = Template|Win32
		{B47EEA98-21D3-487A-BB0F-B4A4065B57C6}.Template|x86.Build.0 = Template|Win32
		{65F6A01A-8324-4017-94E6-9E819475C0BB}.Debug|x86.ActiveCfg = Debug|Win32
		{65F6A01A-8324-4017-94E6-9E819475C0BB}.Debug|x86.Build.0 = Debug|Win32
		{65F6A01A-8324-4017-94E6-9E819475C0BB}.Release|x86.ActiveCfg = Release|Win32
		{65F6A01A-8324-4017-94E6-9E819475C0BB}.Release|x86.Build.0 = Release|Win32
		{65F6A01A-8324-4017-94E6-9E819475C0BB}.Template|x86.ActiveCfg = Template|Win32
		{65F6A01A-8324-4017-94E6-9E819475C0BB}.Template|x86.Build.0 = Template|Win32
		{0773B236-DAB3-4372-98B7-FDE7FE6535D9}.Debug|x86.ActiveCfg = Debug|Win32
		{0773B236-DAB3-4372-98B7-FDE7FE6535D9}.Debug|x86.Build.0 = Debug|Win32
		{0773B236-DAB3-4372-98B7-FDE7FE6535D9}.Release|x86.ActiveCfg = Release|Win32
		{0773B236-DAB3-4372-98B7-FDE7FE6535D9}.Release|x86.Build.0 = Release|Win32
		{0773B236-DAB3-4372-98B7-FDE7FE6535D9}.Template|x86.ActiveCfg = Template|Win32
		{0773B236-DAB3-4372-98B7-FDE7FE6535D9}.Template|x86.Build.0 = Template|Win32
		{2CA8712C-805C-447E-A46F-EA2ED6EF7536}.Debug|x86.ActiveCfg = Debug|Win32
		{2CA8712C-805C-447E-A46F-EA2ED6EF7536}.Debug|x86.Build.0 = Debug|Win32
		{2CA8712C-805C-447E-A46F-EA2ED6EF7536}.Release|x86.ActiveCfg = Release|Win32
		{2CA8712C-805C-447E-A46F-EA2ED6EF7536}.Release|x86.Build.0 = Release|Win32
		{2CA8712C-805C-447E-A46F-EA2ED6EF7536}.Template|x86.ActiveCfg = Debug|Win32
		{2CA8712C-805C-447E-A46F-EA2ED6EF7536}.Template|x86.Build.0 = Debug|Win32
		{8CFD2E44-E6C4-47A5-B053-E296711771E9}.Debug|x86.ActiveCfg = Debug|Win32
		{8CFD2E44-E6C4-47A5-B053-E296711771E9}.Debug|x86.Build.0 = Debug|Win32
		{8CFD2E44-E6C4-47A5-B053-E296711771E9}.Release|x86.ActiveCfg = Release|Win32
		{8CFD2E44-E6C4-47A5-B053-E296711771E9}.Release|x86.Build.0 = Release|Win32
		{8CFD2E44-E6C4-47A5-B053-E296711771E9}.Template|x86.ActiveCfg = Template|Win32
		{8CFD2E44-E6C4-47A5-B053-E296711771E9}.Template|x86.Build.0 = Template|Win32
	EndGlobalSection
	GlobalSection(SolutionProperties) = preSolution
		HideSolutionNode = FALSE
	EndGlobalSection
	GlobalSection(ExtensibilityGlobals) = postSolution
		SolutionGuid = {398987C2-D520-4B36-99D4-23C774BF2ED6}
	EndGlobalSection
EndGlobal
