<?xml version="1.0" encoding="utf-8"?>
<Project ToolsVersion="4.0" xmlns="http://schemas.microsoft.com/developer/msbuild/2003">
  <ItemGroup>
    <Filter Include="Source Files">
      <UniqueIdentifier>{032bf5f7-bb42-4da4-b192-a544c5586f06}</UniqueIdentifier>
      <Extensions>cpp;c;cxx;rc;def;r;odl;idl;hpj;bat</Extensions>
    </Filter>
    <Filter Include="Header Files">
      <UniqueIdentifier>{26ccde14-9201-4c39-92bc-7c6469eeacb6}</UniqueIdentifier>
      <Extensions>h;hpp;hxx;hm;inl</Extensions>
    </Filter>
    <Filter Include="Resource Files">
      <UniqueIdentifier>{65696789-a92e-43bc-aa89-2ed82c661f43}</UniqueIdentifier>
      <Extensions>ico;cur;bmp;dlg;rc2;rct;bin;rgs;gif;jpg;jpeg;jpe</Extensions>
    </Filter>
  </ItemGroup>
  <ItemGroup>
    <ClCompile Include="fx_GridEx.cpp">
      <Filter>Source Files</Filter>
    </ClCompile>
    <ClCompile Include="StdAfx.cpp">
      <Filter>Source Files</Filter>
    </ClCompile>
    <ClCompile Include="UGCBType.cpp">
      <Filter>Source Files</Filter>
    </ClCompile>
    <ClCompile Include="UGCell.cpp">
      <Filter>Source Files</Filter>
    </ClCompile>
    <ClCompile Include="UGCelTyp.cpp">
      <Filter>Source Files</Filter>
    </ClCompile>
    <ClCompile Include="UGCnrBtn.cpp">
      <Filter>Source Files</Filter>
    </ClCompile>
    <ClCompile Include="UGCTafnt.cpp">
      <Filter>Source Files</Filter>
    </ClCompile>
    <ClCompile Include="UGCTarrw.cpp">
      <Filter>Source Files</Filter>
    </ClCompile>
    <ClCompile Include="UGCTAutoSize.cpp">
      <Filter>Source Files</Filter>
    </ClCompile>
    <ClCompile Include="UGCTbutn.cpp">
      <Filter>Source Files</Filter>
    </ClCompile>
    <ClCompile Include="UGCTDropGrid.cpp">
      <Filter>Source Files</Filter>
    </ClCompile>
    <ClCompile Include="UGCTdtp.cpp">
      <Filter>Source Files</Filter>
    </ClCompile>
    <ClCompile Include="ugctelps.cpp">
      <Filter>Source Files</Filter>
    </ClCompile>
    <ClCompile Include="UGCTLabeled.cpp">
      <Filter>Source Files</Filter>
    </ClCompile>
    <ClCompile Include="UGCTMarquee.cpp">
      <Filter>Source Files</Filter>
    </ClCompile>
    <ClCompile Include="UGCTmfnt.cpp">
      <Filter>Source Files</Filter>
    </ClCompile>
    <ClCompile Include="UGCTNote.cpp">
      <Filter>Source Files</Filter>
    </ClCompile>
    <ClCompile Include="ugctnotewnd.cpp">
      <Filter>Source Files</Filter>
    </ClCompile>
    <ClCompile Include="UGCTpie.cpp">
      <Filter>Source Files</Filter>
    </ClCompile>
    <ClCompile Include="UGCTpro1.cpp">
      <Filter>Source Files</Filter>
    </ClCompile>
    <ClCompile Include="UGCTprog.cpp">
      <Filter>Source Files</Filter>
    </ClCompile>
    <ClCompile Include="UGCTRado.cpp">
      <Filter>Source Files</Filter>
    </ClCompile>
    <ClCompile Include="UGCtrl.cpp">
      <Filter>Source Files</Filter>
    </ClCompile>
    <ClCompile Include="UGCTsarw.cpp">
      <Filter>Source Files</Filter>
    </ClCompile>
    <ClCompile Include="UGCTsldr.cpp">
      <Filter>Source Files</Filter>
    </ClCompile>
    <ClCompile Include="UGCTSpin.cpp">
      <Filter>Source Files</Filter>
    </ClCompile>
    <ClCompile Include="UGDLType.cpp">
      <Filter>Source Files</Filter>
    </ClCompile>
    <ClCompile Include="UGDrgDrp.cpp">
      <Filter>Source Files</Filter>
    </ClCompile>
    <ClCompile Include="UGDrwHnt.cpp">
      <Filter>Source Files</Filter>
    </ClCompile>
    <ClCompile Include="UGDtaSrc.cpp">
      <Filter>Source Files</Filter>
    </ClCompile>
    <ClCompile Include="UGEdit.cpp">
      <Filter>Source Files</Filter>
    </ClCompile>
    <ClCompile Include="UGEditBase.cpp">
      <Filter>Source Files</Filter>
    </ClCompile>
    <ClCompile Include="ugformat.cpp">
      <Filter>Source Files</Filter>
    </ClCompile>
    <ClCompile Include="uggdinfo.cpp">
      <Filter>Source Files</Filter>
    </ClCompile>
    <ClCompile Include="UGGrid.cpp">
      <Filter>Source Files</Filter>
    </ClCompile>
    <ClCompile Include="UGHint.cpp">
      <Filter>Source Files</Filter>
    </ClCompile>
    <ClCompile Include="ughscrol.cpp">
      <Filter>Source Files</Filter>
    </ClCompile>
    <ClCompile Include="ugLstBox.cpp">
      <Filter>Source Files</Filter>
    </ClCompile>
    <ClCompile Include="UGMEdit.cpp">
      <Filter>Source Files</Filter>
    </ClCompile>
    <ClCompile Include="UGMemMan.cpp">
      <Filter>Source Files</Filter>
    </ClCompile>
    <ClCompile Include="UGMultiS.cpp">
      <Filter>Source Files</Filter>
    </ClCompile>
    <ClCompile Include="ugprint.cpp">
      <Filter>Source Files</Filter>
    </ClCompile>
    <ClCompile Include="ugptrlst.cpp">
      <Filter>Source Files</Filter>
    </ClCompile>
    <ClCompile Include="ugsidehd.cpp">
      <Filter>Source Files</Filter>
    </ClCompile>
    <ClCompile Include="ugtab.cpp">
      <Filter>Source Files</Filter>
    </ClCompile>
    <ClCompile Include="UGTopHdg.cpp">
      <Filter>Source Files</Filter>
    </ClCompile>
    <ClCompile Include="ugvscrol.cpp">
      <Filter>Source Files</Filter>
    </ClCompile>
    <ClCompile Include="UTEdit.cpp">
      <Filter>Source Files</Filter>
    </ClCompile>
    <ClCompile Include="UTMaskedEdit.cpp">
      <Filter>Source Files</Filter>
    </ClCompile>
  </ItemGroup>
  <ItemGroup>
    <ResourceCompile Include="fx_GridEx.rc">
      <Filter>Source Files</Filter>
    </ResourceCompile>
  </ItemGroup>
  <ItemGroup>
    <ClInclude Include="Resource.h">
      <Filter>Header Files</Filter>
    </ClInclude>
    <ClInclude Include="StdAfx.h">
      <Filter>Header Files</Filter>
    </ClInclude>
    <ClInclude Include="UGCBType.h">
      <Filter>Header Files</Filter>
    </ClInclude>
    <ClInclude Include="UGCell.h">
      <Filter>Header Files</Filter>
    </ClInclude>
    <ClInclude Include="UGCelTyp.h">
      <Filter>Header Files</Filter>
    </ClInclude>
    <ClInclude Include="UGCnrBtn.h">
      <Filter>Header Files</Filter>
    </ClInclude>
    <ClInclude Include="UGCTafnt.h">
      <Filter>Header Files</Filter>
    </ClInclude>
    <ClInclude Include="UGCTarrw.h">
      <Filter>Header Files</Filter>
    </ClInclude>
    <ClInclude Include="UGCTAutoSize.h">
      <Filter>Header Files</Filter>
    </ClInclude>
    <ClInclude Include="UGCTbutn.h">
      <Filter>Header Files</Filter>
    </ClInclude>
    <ClInclude Include="UGCTDropGrid.h">
      <Filter>Header Files</Filter>
    </ClInclude>
    <ClInclude Include="UGCTdtp.h">
      <Filter>Header Files</Filter>
    </ClInclude>
    <ClInclude Include="ugctelps.h">
      <Filter>Header Files</Filter>
    </ClInclude>
    <ClInclude Include="UGCTLabeled.h">
      <Filter>Header Files</Filter>
    </ClInclude>
    <ClInclude Include="UGCTMarquee.h">
      <Filter>Header Files</Filter>
    </ClInclude>
    <ClInclude Include="UGCTmfnt.h">
      <Filter>Header Files</Filter>
    </ClInclude>
    <ClInclude Include="UGCTNote.h">
      <Filter>Header Files</Filter>
    </ClInclude>
    <ClInclude Include="ugctnotewnd.h">
      <Filter>Header Files</Filter>
    </ClInclude>
    <ClInclude Include="UGCTpie.h">
      <Filter>Header Files</Filter>
    </ClInclude>
    <ClInclude Include="UGCTpro1.h">
      <Filter>Header Files</Filter>
    </ClInclude>
    <ClInclude Include="UGCTprog.h">
      <Filter>Header Files</Filter>
    </ClInclude>
    <ClInclude Include="UGCTRado.h">
      <Filter>Header Files</Filter>
    </ClInclude>
    <ClInclude Include="UGCtrl.h">
      <Filter>Header Files</Filter>
    </ClInclude>
    <ClInclude Include="UGCTsarw.h">
      <Filter>Header Files</Filter>
    </ClInclude>
    <ClInclude Include="UGCTsldr.h">
      <Filter>Header Files</Filter>
    </ClInclude>
    <ClInclude Include="UGCTSpin.h">
      <Filter>Header Files</Filter>
    </ClInclude>
    <ClInclude Include="ugdefine.h">
      <Filter>Header Files</Filter>
    </ClInclude>
    <ClInclude Include="UGDLType.h">
      <Filter>Header Files</Filter>
    </ClInclude>
    <ClInclude Include="UGDrgDrp.h">
      <Filter>Header Files</Filter>
    </ClInclude>
    <ClInclude Include="UGDrwHnt.h">
      <Filter>Header Files</Filter>
    </ClInclude>
    <ClInclude Include="UGDtaSrc.h">
      <Filter>Header Files</Filter>
    </ClInclude>
    <ClInclude Include="UGEdit.h">
      <Filter>Header Files</Filter>
    </ClInclude>
    <ClInclude Include="UGEditBase.h">
      <Filter>Header Files</Filter>
    </ClInclude>
    <ClInclude Include="ugformat.h">
      <Filter>Header Files</Filter>
    </ClInclude>
    <ClInclude Include="uggdinfo.h">
      <Filter>Header Files</Filter>
    </ClInclude>
    <ClInclude Include="UGGrid.h">
      <Filter>Header Files</Filter>
    </ClInclude>
    <ClInclude Include="UGHint.h">
      <Filter>Header Files</Filter>
    </ClInclude>
    <ClInclude Include="ughscrol.h">
      <Filter>Header Files</Filter>
    </ClInclude>
    <ClInclude Include="Uglibsel.h">
      <Filter>Header Files</Filter>
    </ClInclude>
    <ClInclude Include="uglstbox.h">
      <Filter>Header Files</Filter>
    </ClInclude>
    <ClInclude Include="UGMEdit.h">
      <Filter>Header Files</Filter>
    </ClInclude>
    <ClInclude Include="UGMemMan.h">
      <Filter>Header Files</Filter>
    </ClInclude>
    <ClInclude Include="UGMultiS.h">
      <Filter>Header Files</Filter>
    </ClInclude>
    <ClInclude Include="ugprint.h">
      <Filter>Header Files</Filter>
    </ClInclude>
    <ClInclude Include="ugptrlst.h">
      <Filter>Header Files</Filter>
    </ClInclude>
    <ClInclude Include="ugsidehd.h">
      <Filter>Header Files</Filter>
    </ClInclude>
    <ClInclude Include="ugstruct.h">
      <Filter>Header Files</Filter>
    </ClInclude>
    <ClInclude Include="ugtab.h">
      <Filter>Header Files</Filter>
    </ClInclude>
    <ClInclude Include="UGTopHdg.h">
      <Filter>Header Files</Filter>
    </ClInclude>
    <ClInclude Include="ugvscrol.h">
      <Filter>Header Files</Filter>
    </ClInclude>
    <ClInclude Include="UTEdit.h">
      <Filter>Header Files</Filter>
    </ClInclude>
    <ClInclude Include="UTMaskedEdit.h">
      <Filter>Header Files</Filter>
    </ClInclude>
  </ItemGroup>
  <ItemGroup>
    <Text Include="ReadMe.txt" />
  </ItemGroup>
  <ItemGroup>
    <CustomBuild Include="fx_GridEx.def">
      <Filter>Source Files</Filter>
    </CustomBuild>
    <CustomBuild Include="default1.bin">
      <Filter>Resource Files</Filter>
    </CustomBuild>
    <CustomBuild Include="res\fx_GridEx.rc2">
      <Filter>Resource Files</Filter>
    </CustomBuild>
  </ItemGroup>
</Project>