<?xml version="1.0" encoding="utf-8"?>
<Project ToolsVersion="4.0" xmlns="http://schemas.microsoft.com/developer/msbuild/2003">
  <ItemGroup>
    <Filter Include="Source Files">
      <UniqueIdentifier>{8b1dc5fc-a31f-4108-9d74-a4243ebda56e}</UniqueIdentifier>
      <Extensions>cpp;c;cxx;rc;def;r;odl;idl;hpj;bat</Extensions>
    </Filter>
    <Filter Include="Header Files">
      <UniqueIdentifier>{f89d0d58-c77a-4487-b7a6-25ad8b2c0901}</UniqueIdentifier>
      <Extensions>h;hpp;hxx;hm;inl</Extensions>
    </Filter>
    <Filter Include="Resource Files">
      <UniqueIdentifier>{9a9f0d02-fb11-4f01-9820-1af3a7d8395c}</UniqueIdentifier>
      <Extensions>ico;cur;bmp;dlg;rc2;rct;bin;rgs;gif;jpg;jpeg;jpe</Extensions>
    </Filter>
  </ItemGroup>
  <ItemGroup>
    <ClCompile Include="ArrowWnd.cpp">
      <Filter>Source Files</Filter>
    </ClCompile>
    <ClCompile Include="awTool.cpp">
      <Filter>Source Files</Filter>
    </ClCompile>
    <ClCompile Include="..\ControlTracker.cpp">
      <Filter>Source Files</Filter>
    </ClCompile>
    <ClCompile Include="picture.cpp">
      <Filter>Source Files</Filter>
    </ClCompile>
    <ClCompile Include="pictureImpl.cpp">
      <Filter>Source Files</Filter>
    </ClCompile>
    <ClCompile Include="SelFrameWnd.cpp">
      <Filter>Source Files</Filter>
    </ClCompile>
    <ClCompile Include="StdAfx.cpp">
      <Filter>Source Files</Filter>
    </ClCompile>
    <ClCompile Include="tlBox.cpp">
      <Filter>Source Files</Filter>
    </ClCompile>
    <ClCompile Include="tlButton.cpp">
      <Filter>Source Files</Filter>
    </ClCompile>
    <ClCompile Include="tlImage.cpp">
      <Filter>Source Files</Filter>
    </ClCompile>
    <ClCompile Include="tlIO.cpp">
      <Filter>Source Files</Filter>
    </ClCompile>
    <ClCompile Include="tlPanel.cpp">
      <Filter>Source Files</Filter>
    </ClCompile>
    <ClCompile Include="tlPointer.cpp">
      <Filter>Source Files</Filter>
    </ClCompile>
    <ClCompile Include="tlRegion.cpp">
      <Filter>Source Files</Filter>
    </ClCompile>
    <ClCompile Include="tlSheet.cpp">
      <Filter>Source Files</Filter>
    </ClCompile>
    <ClCompile Include="tlTab.cpp">
      <Filter>Source Files</Filter>
    </ClCompile>
    <ClCompile Include="tlTable.cpp">
      <Filter>Source Files</Filter>
    </ClCompile>
    <ClCompile Include="tlText.cpp">
      <Filter>Source Files</Filter>
    </ClCompile>
    <ClCompile Include="tlTree.cpp">
      <Filter>Source Files</Filter>
    </ClCompile>
    <ClCompile Include="tool.cpp">
      <Filter>Source Files</Filter>
    </ClCompile>
  </ItemGroup>
  <ItemGroup>
    <ResourceCompile Include="awTool.rc">
      <Filter>Source Files</Filter>
    </ResourceCompile>
  </ItemGroup>
  <ItemGroup>
    <ClInclude Include="ArrowWnd.h">
      <Filter>Header Files</Filter>
    </ClInclude>
    <ClInclude Include="picture.h">
      <Filter>Header Files</Filter>
    </ClInclude>
    <ClInclude Include="Resource.h">
      <Filter>Header Files</Filter>
    </ClInclude>
    <ClInclude Include="SelFrameWnd.h">
      <Filter>Header Files</Filter>
    </ClInclude>
    <ClInclude Include="StdAfx.h">
      <Filter>Header Files</Filter>
    </ClInclude>
    <ClInclude Include="tlBox.h">
      <Filter>Header Files</Filter>
    </ClInclude>
    <ClInclude Include="tlButton.h">
      <Filter>Header Files</Filter>
    </ClInclude>
    <ClInclude Include="tlImage.h">
      <Filter>Header Files</Filter>
    </ClInclude>
    <ClInclude Include="tlIO.h">
      <Filter>Header Files</Filter>
    </ClInclude>
    <ClInclude Include="tlPanel.h">
      <Filter>Header Files</Filter>
    </ClInclude>
    <ClInclude Include="tlPointer.h">
      <Filter>Header Files</Filter>
    </ClInclude>
    <ClInclude Include="tlRegion.h">
      <Filter>Header Files</Filter>
    </ClInclude>
    <ClInclude Include="tlSheet.h">
      <Filter>Header Files</Filter>
    </ClInclude>
    <ClInclude Include="tlTab.h">
      <Filter>Header Files</Filter>
    </ClInclude>
    <ClInclude Include="tlTable.h">
      <Filter>Header Files</Filter>
    </ClInclude>
    <ClInclude Include="tlText.h">
      <Filter>Header Files</Filter>
    </ClInclude>
    <ClInclude Include="tlTree.h">
      <Filter>Header Files</Filter>
    </ClInclude>
    <ClInclude Include="tool.h">
      <Filter>Header Files</Filter>
    </ClInclude>
  </ItemGroup>
  <ItemGroup>
    <Text Include="ReadMe.txt" />
  </ItemGroup>
  <ItemGroup>
    <CustomBuild Include="awTool.def">
      <Filter>Source Files</Filter>
    </CustomBuild>
    <CustomBuild Include="res\awTool.rc2">
      <Filter>Resource Files</Filter>
    </CustomBuild>
  </ItemGroup>
</Project>