<?xml version="1.0" encoding="utf-8"?>
<Project ToolsVersion="4.0" xmlns="http://schemas.microsoft.com/developer/msbuild/2003">
  <ItemGroup>
    <Filter Include="Source Files">
      <UniqueIdentifier>{a92a86ea-932d-4778-ad95-97e69be596b3}</UniqueIdentifier>
      <Extensions>cpp;c;cxx;rc;def;r;odl;idl;hpj;bat</Extensions>
    </Filter>
    <Filter Include="Header Files">
      <UniqueIdentifier>{f18d6146-517f-45c2-bcd5-e9e9cfcca3c5}</UniqueIdentifier>
      <Extensions>h;hpp;hxx;hm;inl</Extensions>
    </Filter>
    <Filter Include="Resource Files">
      <UniqueIdentifier>{4f3dcd27-51d0-4d15-851a-ee12fe1ef592}</UniqueIdentifier>
      <Extensions>ico;cur;bmp;dlg;rc2;rct;bin;rgs;gif;jpg;jpeg;jpe</Extensions>
    </Filter>
  </ItemGroup>
  <ItemGroup>
    <ClCompile Include="axArray.cpp">
      <Filter>Source Files</Filter>
    </ClCompile>
    <ClCompile Include="axisform.cpp">
      <Filter>Source Files</Filter>
    </ClCompile>
    <ClCompile Include="browser.cpp">
      <Filter>Source Files</Filter>
    </ClCompile>
    <ClCompile Include="cbList.cpp">
      <Filter>Source Files</Filter>
    </ClCompile>
    <ClCompile Include="image.cpp">
      <Filter>Source Files</Filter>
    </ClCompile>
    <ClCompile Include="memo.cpp">
      <Filter>Source Files</Filter>
    </ClCompile>
    <ClCompile Include="month.cpp">
      <Filter>Source Files</Filter>
    </ClCompile>
    <ClCompile Include="StdAfx.cpp">
      <Filter>Source Files</Filter>
    </ClCompile>
    <ClCompile Include="amButton.cpp">
      <Filter>Source Files</Filter>
    </ClCompile>
    <ClCompile Include="amBox.cpp">
      <Filter>Source Files</Filter>
    </ClCompile>
    <ClCompile Include="amBrowser.cpp">
      <Filter>Source Files</Filter>
    </ClCompile>
    <ClCompile Include="amRadio.cpp">
      <Filter>Source Files</Filter>
    </ClCompile>
    <ClCompile Include="amCheck.cpp">
      <Filter>Source Files</Filter>
    </ClCompile>
    <ClCompile Include="amEdit.cpp">
      <Filter>Source Files</Filter>
    </ClCompile>
    <ClCompile Include="amEditEx.cpp">
      <Filter>Source Files</Filter>
    </ClCompile>
    <ClCompile Include="amCombo.cpp">
      <Filter>Source Files</Filter>
    </ClCompile>
    <ClCompile Include="amLabel.cpp">
      <Filter>Source Files</Filter>
    </ClCompile>
    <ClCompile Include="amPanel.cpp">
      <Filter>Source Files</Filter>
    </ClCompile>
    <ClCompile Include="amTable.cpp">
      <Filter>Source Files</Filter>
    </ClCompile>
    <ClCompile Include="amOut.cpp">
      <Filter>Source Files</Filter>
    </ClCompile>
    <ClCompile Include="amGrid.cpp">
      <Filter>Source Files</Filter>
    </ClCompile>
    <ClCompile Include="amGroup.cpp">
      <Filter>Source Files</Filter>
    </ClCompile>
    <ClCompile Include="amMemo.cpp">
      <Filter>Source Files</Filter>
    </ClCompile>
    <ClCompile Include="amObject.cpp">
      <Filter>Source Files</Filter>
    </ClCompile>
    <ClCompile Include="amCtrl.cpp">
      <Filter>Source Files</Filter>
    </ClCompile>
    <ClCompile Include="amform.cpp">
      <Filter>Source Files</Filter>
    </ClCompile>
    <ClCompile Include="amBase.cpp">
      <Filter>Source Files</Filter>
    </ClCompile>
    <ClCompile Include="amGridx.cpp">
      <Filter>Source Files</Filter>
    </ClCompile>
    <ClCompile Include="amUserTab.cpp">
      <Filter>Source Files</Filter>
    </ClCompile>
  </ItemGroup>
  <ItemGroup>
    <Midl Include="axisform.odl">
      <Filter>Source Files</Filter>
    </Midl>
  </ItemGroup>
  <ItemGroup>
    <ClInclude Include="axArray.h">
      <Filter>Header Files</Filter>
    </ClInclude>
    <ClInclude Include="browser.h">
      <Filter>Header Files</Filter>
    </ClInclude>
    <ClInclude Include="cbList.h">
      <Filter>Header Files</Filter>
    </ClInclude>
    <ClInclude Include="gif.h">
      <Filter>Header Files</Filter>
    </ClInclude>
    <ClInclude Include="grid.h">
      <Filter>Header Files</Filter>
    </ClInclude>
    <ClInclude Include="image.h">
      <Filter>Header Files</Filter>
    </ClInclude>
    <ClInclude Include="memo.h">
      <Filter>Header Files</Filter>
    </ClInclude>
    <ClInclude Include="month.h">
      <Filter>Header Files</Filter>
    </ClInclude>
    <ClInclude Include="Resource.h">
      <Filter>Header Files</Filter>
    </ClInclude>
    <ClInclude Include="StdAfx.h">
      <Filter>Header Files</Filter>
    </ClInclude>
    <ClInclude Include="amButton.h">
      <Filter>Header Files</Filter>
    </ClInclude>
    <ClInclude Include="amBox.h">
      <Filter>Header Files</Filter>
    </ClInclude>
    <ClInclude Include="amBrowser.h">
      <Filter>Header Files</Filter>
    </ClInclude>
    <ClInclude Include="amRadio.h">
      <Filter>Header Files</Filter>
    </ClInclude>
    <ClInclude Include="amCheck.h">
      <Filter>Header Files</Filter>
    </ClInclude>
    <ClInclude Include="amEdit.h">
      <Filter>Header Files</Filter>
    </ClInclude>
    <ClInclude Include="amEditEx.h">
      <Filter>Header Files</Filter>
    </ClInclude>
    <ClInclude Include="amCombo.h">
      <Filter>Header Files</Filter>
    </ClInclude>
    <ClInclude Include="amLabel.h">
      <Filter>Header Files</Filter>
    </ClInclude>
    <ClInclude Include="amPanel.h">
      <Filter>Header Files</Filter>
    </ClInclude>
    <ClInclude Include="amTable.h">
      <Filter>Header Files</Filter>
    </ClInclude>
    <ClInclude Include="amOut.h">
      <Filter>Header Files</Filter>
    </ClInclude>
    <ClInclude Include="amGrid.h">
      <Filter>Header Files</Filter>
    </ClInclude>
    <ClInclude Include="amGroup.h">
      <Filter>Header Files</Filter>
    </ClInclude>
    <ClInclude Include="amMemo.h">
      <Filter>Header Files</Filter>
    </ClInclude>
    <ClInclude Include="amObject.h">
      <Filter>Header Files</Filter>
    </ClInclude>
    <ClInclude Include="amCtrl.h">
      <Filter>Header Files</Filter>
    </ClInclude>
    <ClInclude Include="amUserTab.h">
      <Filter>Header Files</Filter>
    </ClInclude>
    <ClInclude Include="amform.h">
      <Filter>Header Files</Filter>
    </ClInclude>
    <ClInclude Include="amBase.h">
      <Filter>Header Files</Filter>
    </ClInclude>
    <ClInclude Include="amInfo.h">
      <Filter>Header Files</Filter>
    </ClInclude>
    <ClInclude Include="..\amLib\AmPalette.h">
      <Filter>Header Files</Filter>
    </ClInclude>
    <ClInclude Include="..\amLib\AmDraw.h">
      <Filter>Header Files</Filter>
    </ClInclude>
  </ItemGroup>
  <ItemGroup>
    <CustomBuild Include="axisform.def">
      <Filter>Source Files</Filter>
    </CustomBuild>
    <CustomBuild Include="res\axisform.rc2">
      <Filter>Resource Files</Filter>
    </CustomBuild>
    <CustomBuild Include="ReadMe.txt" />
  </ItemGroup>
  <ItemGroup>
    <ResourceCompile Include="amform.rc">
      <Filter>Source Files</Filter>
    </ResourceCompile>
  </ItemGroup>
</Project>