<?xml version="1.0" encoding="utf-8"?>
<Project ToolsVersion="4.0" xmlns="http://schemas.microsoft.com/developer/msbuild/2003">
  <ItemGroup>
    <Filter Include="Source Files">
      <UniqueIdentifier>{00780791-9a92-4689-8040-eda9e6762cb3}</UniqueIdentifier>
      <Extensions>cpp;c;cxx;rc;def;r;odl;idl;hpj;bat</Extensions>
    </Filter>
    <Filter Include="Header Files">
      <UniqueIdentifier>{6bc31e82-faeb-42df-bcce-7fc8ab3f79c8}</UniqueIdentifier>
      <Extensions>h;hpp;hxx;hm;inl</Extensions>
    </Filter>
    <Filter Include="Resource Files">
      <UniqueIdentifier>{8b1232a2-7489-4698-91c6-89cb2038747c}</UniqueIdentifier>
      <Extensions>ico;cur;bmp;dlg;rc2;rct;bin;rgs;gif;jpg;jpeg;jpe</Extensions>
    </Filter>
    <Filter Include="Comm Control Files">
      <UniqueIdentifier>{838c3cc4-ac67-4eed-94f7-9f5e2ab4e3e5}</UniqueIdentifier>
    </Filter>
  </ItemGroup>
  <ItemGroup>
    <ClCompile Include="CMGrid.cpp">
      <Filter>Source Files</Filter>
    </ClCompile>
    <ClCompile Include="CMGridCtrl.cpp">
      <Filter>Source Files</Filter>
    </ClCompile>
    <ClCompile Include="ConditionGrid.cpp">
      <Filter>Source Files</Filter>
    </ClCompile>
    <ClCompile Include="GridCommonView.cpp">
      <Filter>Source Files</Filter>
    </ClCompile>
    <ClCompile Include="GridOrderView.cpp">
      <Filter>Source Files</Filter>
    </ClCompile>
    <ClCompile Include="GridOrderWnd.cpp">
      <Filter>Source Files</Filter>
    </ClCompile>
    <ClCompile Include="StdAfx.cpp">
      <Filter>Source Files</Filter>
    </ClCompile>
    <ClCompile Include="..\Dr_Control\DrSplitterCtrl.cpp">
      <Filter>Comm Control Files</Filter>
    </ClCompile>
    <ClCompile Include="..\..\..\SrcSite\control\fx_misc\fxImgButton.cpp">
      <Filter>Comm Control Files</Filter>
    </ClCompile>
  </ItemGroup>
  <ItemGroup>
    <ResourceCompile Include="CMGridCtrl.rc">
      <Filter>Source Files</Filter>
    </ResourceCompile>
  </ItemGroup>
  <ItemGroup>
    <ClInclude Include="CMGrid.h">
      <Filter>Header Files</Filter>
    </ClInclude>
    <ClInclude Include="ConditionGrid.h">
      <Filter>Header Files</Filter>
    </ClInclude>
    <ClInclude Include="grid_typedef.h">
      <Filter>Header Files</Filter>
    </ClInclude>
    <ClInclude Include="GridCommonView.h">
      <Filter>Header Files</Filter>
    </ClInclude>
    <ClInclude Include="GridOrderView.h">
      <Filter>Header Files</Filter>
    </ClInclude>
    <ClInclude Include="GridOrderWnd.h">
      <Filter>Header Files</Filter>
    </ClInclude>
    <ClInclude Include="Resource.h">
      <Filter>Header Files</Filter>
    </ClInclude>
    <ClInclude Include="StdAfx.h">
      <Filter>Header Files</Filter>
    </ClInclude>
    <ClInclude Include="..\DrSplitterCtrl.h">
      <Filter>Comm Control Files</Filter>
    </ClInclude>
    <ClInclude Include="..\..\..\SrcSite\control\fx_misc\fxImgButton.h">
      <Filter>Comm Control Files</Filter>
    </ClInclude>
  </ItemGroup>
  <ItemGroup>
    <Image Include="res\BtnImg\add_down.BMP">
      <Filter>Resource Files</Filter>
    </Image>
    <Image Include="res\BtnImg\add_up.bmp">
      <Filter>Resource Files</Filter>
    </Image>
    <Image Include="res\BtnImg\delete_down.BMP">
      <Filter>Resource Files</Filter>
    </Image>
    <Image Include="res\BtnImg\delete_up.bmp">
      <Filter>Resource Files</Filter>
    </Image>
    <Image Include="res\BtnImg\down_down.BMP">
      <Filter>Resource Files</Filter>
    </Image>
    <Image Include="res\BtnImg\down_up.bmp">
      <Filter>Resource Files</Filter>
    </Image>
    <Image Include="res\BtnImg\up_down.BMP">
      <Filter>Resource Files</Filter>
    </Image>
    <Image Include="res\BtnImg\up_up.bmp">
      <Filter>Resource Files</Filter>
    </Image>
  </ItemGroup>
  <ItemGroup>
    <Text Include="ReadMe.txt" />
  </ItemGroup>
  <ItemGroup>
    <CustomBuild Include="CMGridCtrl.def">
      <Filter>Source Files</Filter>
    </CustomBuild>
    <CustomBuild Include="res\CMGridCtrl.rc2">
      <Filter>Resource Files</Filter>
    </CustomBuild>
  </ItemGroup>
</Project>