<?xml version="1.0" encoding="utf-8"?>
<Project ToolsVersion="4.0" xmlns="http://schemas.microsoft.com/developer/msbuild/2003">
  <ItemGroup>
    <Filter Include="Source Files">
      <UniqueIdentifier>{ad2d8abc-ad4a-4096-833a-659c3fa1670a}</UniqueIdentifier>
      <Extensions>cpp;c;cxx;rc;def;r;odl;idl;hpj;bat</Extensions>
    </Filter>
    <Filter Include="Header Files">
      <UniqueIdentifier>{3af51bd1-c208-41a3-9f45-ac1440af23e0}</UniqueIdentifier>
      <Extensions>h;hpp;hxx;hm;inl</Extensions>
    </Filter>
    <Filter Include="Resource Files">
      <UniqueIdentifier>{e4e34688-deaa-4c99-b5ff-db6a43a333d1}</UniqueIdentifier>
      <Extensions>ico;cur;bmp;dlg;rc2;rct;bin;rgs;gif;jpg;jpeg;jpe</Extensions>
    </Filter>
  </ItemGroup>
  <ItemGroup>
    <ClCompile Include="base.cpp">
      <Filter>Source Files</Filter>
    </ClCompile>
    <ClCompile Include="BtnST.cpp">
      <Filter>Source Files</Filter>
    </ClCompile>
    <ClCompile Include="ConfigBar.cpp">
      <Filter>Source Files</Filter>
    </ClCompile>
    <ClCompile Include="IB100000.cpp">
      <Filter>Source Files</Filter>
    </ClCompile>
    <ClCompile Include="libx.cpp">
      <Filter>Source Files</Filter>
    </ClCompile>
    <ClCompile Include="Pane.cpp">
      <Filter>Source Files</Filter>
    </ClCompile>
    <ClCompile Include="Screen.cpp">
      <Filter>Source Files</Filter>
    </ClCompile>
    <ClCompile Include="StdAfx.cpp">
      <Filter>Source Files</Filter>
    </ClCompile>
    <ClCompile Include="USetup.cpp">
      <Filter>Source Files</Filter>
    </ClCompile>
    <ClCompile Include="XTab.cpp">
      <Filter>Source Files</Filter>
    </ClCompile>
  </ItemGroup>
  <ItemGroup>
    <ResourceCompile Include="IB100000.rc">
      <Filter>Source Files</Filter>
    </ResourceCompile>
  </ItemGroup>
  <ItemGroup>
    <ClInclude Include="base.h">
      <Filter>Header Files</Filter>
    </ClInclude>
    <ClInclude Include="BtnST.h">
      <Filter>Header Files</Filter>
    </ClInclude>
    <ClInclude Include="ConfigBar.h">
      <Filter>Header Files</Filter>
    </ClInclude>
    <ClInclude Include="IB100000.h">
      <Filter>Header Files</Filter>
    </ClInclude>
    <ClInclude Include="libx.h">
      <Filter>Header Files</Filter>
    </ClInclude>
    <ClInclude Include="Pane.h">
      <Filter>Header Files</Filter>
    </ClInclude>
    <ClInclude Include="Resource.h">
      <Filter>Header Files</Filter>
    </ClInclude>
    <ClInclude Include="Screen.h">
      <Filter>Header Files</Filter>
    </ClInclude>
    <ClInclude Include="Sm.h">
      <Filter>Header Files</Filter>
    </ClInclude>
    <ClInclude Include="StdAfx.h">
      <Filter>Header Files</Filter>
    </ClInclude>
    <ClInclude Include="USetup.h">
      <Filter>Header Files</Filter>
    </ClInclude>
    <ClInclude Include="XTab.h">
      <Filter>Header Files</Filter>
    </ClInclude>
  </ItemGroup>
  <ItemGroup>
    <Image Include="res\menu1.bmp">
      <Filter>Resource Files</Filter>
    </Image>
    <Image Include="res\menu2.bmp">
      <Filter>Resource Files</Filter>
    </Image>
    <Image Include="res\setup.bmp">
      <Filter>Resource Files</Filter>
    </Image>
    <Image Include="res\sOFF.bmp">
      <Filter>Resource Files</Filter>
    </Image>
    <Image Include="res\sON.bmp">
      <Filter>Resource Files</Filter>
    </Image>
    <Image Include="res\type0.bmp">
      <Filter>Resource Files</Filter>
    </Image>
    <Image Include="res\type1.bmp">
      <Filter>Resource Files</Filter>
    </Image>
    <Image Include="res\type1_.bmp">
      <Filter>Resource Files</Filter>
    </Image>
    <Image Include="res\type2.bmp">
      <Filter>Resource Files</Filter>
    </Image>
    <Image Include="res\type2_.bmp">
      <Filter>Resource Files</Filter>
    </Image>
    <Image Include="res\type3.bmp">
      <Filter>Resource Files</Filter>
    </Image>
    <Image Include="res\type3_.bmp">
      <Filter>Resource Files</Filter>
    </Image>
    <Image Include="res\type4.bmp">
      <Filter>Resource Files</Filter>
    </Image>
    <Image Include="res\type4_.bmp">
      <Filter>Resource Files</Filter>
    </Image>
    <Image Include="res\type5.bmp">
      <Filter>Resource Files</Filter>
    </Image>
    <Image Include="res\type5_.bmp">
      <Filter>Resource Files</Filter>
    </Image>
    <Image Include="res\type6.bmp">
      <Filter>Resource Files</Filter>
    </Image>
    <Image Include="res\type6_.bmp">
      <Filter>Resource Files</Filter>
    </Image>
    <Image Include="res\type7.bmp">
      <Filter>Resource Files</Filter>
    </Image>
    <Image Include="res\type7_.bmp">
      <Filter>Resource Files</Filter>
    </Image>
  </ItemGroup>
  <ItemGroup>
    <Text Include="ReadMe.txt" />
  </ItemGroup>
  <ItemGroup>
    <CustomBuild Include="IB100000.def">
      <Filter>Source Files</Filter>
    </CustomBuild>
    <CustomBuild Include="res\IB100000.rc2">
      <Filter>Resource Files</Filter>
    </CustomBuild>
  </ItemGroup>
</Project>