<?xml version="1.0" encoding="utf-8"?>
<Project ToolsVersion="4.0" xmlns="http://schemas.microsoft.com/developer/msbuild/2003">
  <ItemGroup>
    <Filter Include="Source Files">
      <UniqueIdentifier>{f97900ee-1913-45d6-9a3a-b650b574592a}</UniqueIdentifier>
      <Extensions>cpp;c;cxx;rc;def;r;odl;idl;hpj;bat</Extensions>
    </Filter>
    <Filter Include="Header Files">
      <UniqueIdentifier>{208e541e-d343-4837-b3ed-263e01f6b538}</UniqueIdentifier>
      <Extensions>h;hpp;hxx;hm;inl</Extensions>
    </Filter>
    <Filter Include="Resource Files">
      <UniqueIdentifier>{91bea246-9e10-41d8-9c7f-92fa42034f13}</UniqueIdentifier>
      <Extensions>ico;cur;bmp;dlg;rc2;rct;bin;rgs;gif;jpg;jpeg;jpe</Extensions>
    </Filter>
    <Filter Include="Ctrl">
      <UniqueIdentifier>{baed0f54-15c9-430d-81c6-7835dd6ac935}</UniqueIdentifier>
    </Filter>
    <Filter Include="component">
      <UniqueIdentifier>{6ba8faa2-a115-4c1a-9721-b98f64b73709}</UniqueIdentifier>
    </Filter>
  </ItemGroup>
  <ItemGroup>
    <ClCompile Include="axButton.cpp">
      <Filter>Source Files</Filter>
    </ClCompile>
    <ClCompile Include="axGuide.cpp">
      <Filter>Source Files</Filter>
    </ClCompile>
    <ClCompile Include="axissm.cpp">
      <Filter>Source Files</Filter>
    </ClCompile>
    <ClCompile Include="axSB.cpp">
      <Filter>Source Files</Filter>
    </ClCompile>
    <ClCompile Include="axStatic.cpp">
      <Filter>Source Files</Filter>
    </ClCompile>
    <ClCompile Include="axTicker.cpp">
      <Filter>Source Files</Filter>
    </ClCompile>
    <ClCompile Include="Bb.cpp">
      <Filter>Source Files</Filter>
    </ClCompile>
    <ClCompile Include="BCtrl1.cpp">
      <Filter>Source Files</Filter>
    </ClCompile>
    <ClCompile Include="BCtrl2.cpp">
      <Filter>Source Files</Filter>
    </ClCompile>
    <ClCompile Include="BCtrl3.cpp">
      <Filter>Source Files</Filter>
    </ClCompile>
    <ClCompile Include="Color.CPP">
      <Filter>Source Files</Filter>
    </ClCompile>
    <ClCompile Include="CoolDialogBar.cpp">
      <Filter>Source Files</Filter>
    </ClCompile>
    <ClCompile Include="Dbar0.cpp">
      <Filter>Source Files</Filter>
    </ClCompile>
    <ClCompile Include="Dbar1.cpp">
      <Filter>Source Files</Filter>
    </ClCompile>
    <ClCompile Include="Dbar2.cpp">
      <Filter>Source Files</Filter>
    </ClCompile>
    <ClCompile Include="esetup.cpp">
      <Filter>Source Files</Filter>
    </ClCompile>
    <ClCompile Include="fxSpin.cpp">
      <Filter>Source Files</Filter>
    </ClCompile>
    <ClCompile Include="hBand.cpp">
      <Filter>Source Files</Filter>
    </ClCompile>
    <ClCompile Include="Hotkey.cpp">
      <Filter>Source Files</Filter>
    </ClCompile>
    <ClCompile Include="ImageSetup.cpp">
      <Filter>Source Files</Filter>
    </ClCompile>
    <ClCompile Include="iMenu.cpp">
      <Filter>Source Files</Filter>
    </ClCompile>
    <ClCompile Include="ItemRename.cpp">
      <Filter>Source Files</Filter>
    </ClCompile>
    <ClCompile Include="Link.cpp">
      <Filter>Source Files</Filter>
    </ClCompile>
    <ClCompile Include="MDIClient.cpp">
      <Filter>Source Files</Filter>
    </ClCompile>
    <ClCompile Include="MenuSearch.cpp">
      <Filter>Source Files</Filter>
    </ClCompile>
    <ClCompile Include="MenuXP.cpp">
      <Filter>Source Files</Filter>
    </ClCompile>
    <ClCompile Include="MngSetup.cpp">
      <Filter>Source Files</Filter>
    </ClCompile>
    <ClCompile Include="NButton.cpp">
      <Filter>Source Files</Filter>
    </ClCompile>
    <ClCompile Include="OrderSetup.cpp">
      <Filter>Source Files</Filter>
    </ClCompile>
    <ClCompile Include="PalButton.cpp">
      <Filter>Source Files</Filter>
    </ClCompile>
    <ClCompile Include="Pane.cpp">
      <Filter>Source Files</Filter>
    </ClCompile>
    <ClCompile Include="PaneList.cpp">
      <Filter>Source Files</Filter>
    </ClCompile>
    <ClCompile Include="RegCode.cpp">
      <Filter>Source Files</Filter>
    </ClCompile>
    <ClCompile Include="RegMap.cpp">
      <Filter>Source Files</Filter>
    </ClCompile>
    <ClCompile Include="ReportCtrl.cpp">
      <Filter>Source Files</Filter>
    </ClCompile>
    <ClCompile Include="RunX.cpp">
      <Filter>Source Files</Filter>
    </ClCompile>
    <ClCompile Include="ScreenList.cpp">
      <Filter>Source Files</Filter>
    </ClCompile>
    <ClCompile Include="SDIBand.cpp">
      <Filter>Source Files</Filter>
    </ClCompile>
    <ClCompile Include="Sdibar.cpp">
      <Filter>Source Files</Filter>
    </ClCompile>
    <ClCompile Include="SetTickInfo.cpp">
      <Filter>Source Files</Filter>
    </ClCompile>
    <ClCompile Include="SimpleSplitter.cpp">
      <Filter>Source Files</Filter>
    </ClCompile>
    <ClCompile Include="SkinDlg.cpp">
      <Filter>Source Files</Filter>
    </ClCompile>
    <ClCompile Include="Smain.cpp">
      <Filter>Source Files</Filter>
    </ClCompile>
    <ClCompile Include="Smcall.cpp">
      <Filter>Source Files</Filter>
    </ClCompile>
    <ClCompile Include="SmSheet.cpp">
      <Filter>Source Files</Filter>
    </ClCompile>
    <ClCompile Include="StdAfx.cpp">
      <Filter>Source Files</Filter>
    </ClCompile>
    <ClCompile Include="SVband.cpp">
      <Filter>Source Files</Filter>
    </ClCompile>
    <ClCompile Include="TInfo1.cpp">
      <Filter>Source Files</Filter>
    </ClCompile>
    <ClCompile Include="TInfo2.cpp">
      <Filter>Source Files</Filter>
    </ClCompile>
    <ClCompile Include="TMenu.cpp">
      <Filter>Source Files</Filter>
    </ClCompile>
    <ClCompile Include="TrSearch.cpp">
      <Filter>Source Files</Filter>
    </ClCompile>
    <ClCompile Include="tSetup.cpp">
      <Filter>Source Files</Filter>
    </ClCompile>
    <ClCompile Include="Xcom.cpp">
      <Filter>Source Files</Filter>
    </ClCompile>
    <ClCompile Include="Xcomex.cpp">
      <Filter>Source Files</Filter>
    </ClCompile>
    <ClCompile Include="Xedit.cpp">
      <Filter>Source Files</Filter>
    </ClCompile>
    <ClCompile Include="AxScrollBar.cpp">
      <Filter>Ctrl</Filter>
    </ClCompile>
    <ClCompile Include="bitmap.cpp">
      <Filter>Ctrl</Filter>
    </ClCompile>
    <ClCompile Include="colorCombo.cpp">
      <Filter>Ctrl</Filter>
    </ClCompile>
    <ClCompile Include="ExCombo.cpp">
      <Filter>Ctrl</Filter>
    </ClCompile>
    <ClCompile Include="ExDialog.cpp">
      <Filter>Ctrl</Filter>
    </ClCompile>
    <ClCompile Include="ExListCtrl.cpp">
      <Filter>Ctrl</Filter>
    </ClCompile>
    <ClCompile Include="ExTreeCtrl.cpp">
      <Filter>Ctrl</Filter>
    </ClCompile>
    <ClCompile Include="fxTab.cpp">
      <Filter>Ctrl</Filter>
    </ClCompile>
    <ClCompile Include="listctrlSort.cpp">
      <Filter>Ctrl</Filter>
    </ClCompile>
    <ClCompile Include="listEdit.cpp">
      <Filter>Ctrl</Filter>
    </ClCompile>
    <ClCompile Include="listHeader.cpp">
      <Filter>Ctrl</Filter>
    </ClCompile>
    <ClCompile Include="palette.cpp">
      <Filter>Ctrl</Filter>
    </ClCompile>
    <ClCompile Include="themeCombo.cpp">
      <Filter>Ctrl</Filter>
    </ClCompile>
    <ClCompile Include="AxBitmap.cpp">
      <Filter>Source Files</Filter>
    </ClCompile>
    <ClCompile Include="SetupDialog.cpp">
      <Filter>Source Files</Filter>
    </ClCompile>
    <ClCompile Include="TotalSetup.cpp">
      <Filter>Source Files</Filter>
    </ClCompile>
    <ClCompile Include="..\ctrl\fxTreeCtrl.cpp">
      <Filter>Ctrl</Filter>
    </ClCompile>
    <ClCompile Include="DSetupDlg.cpp">
      <Filter>Source Files</Filter>
    </ClCompile>
    <ClCompile Include="AlarmDlg.cpp">
      <Filter>Source Files</Filter>
    </ClCompile>
    <ClCompile Include="Global.cpp">
      <Filter>Header Files</Filter>
    </ClCompile>
    <ClCompile Include="XEditBox.cpp">
      <Filter>component</Filter>
    </ClCompile>
    <ClCompile Include="XComboBox.cpp">
      <Filter>component</Filter>
    </ClCompile>
    <ClCompile Include="XDateBox.cpp">
      <Filter>component</Filter>
    </ClCompile>
    <ClCompile Include="XSpinBox.cpp">
      <Filter>component</Filter>
    </ClCompile>
    <ClCompile Include="SkinButton.cpp">
      <Filter>component</Filter>
    </ClCompile>
    <ClCompile Include="SkinDialog.cpp">
      <Filter>component</Filter>
    </ClCompile>
    <ClCompile Include="XHeaderCtrl.cpp">
      <Filter>component</Filter>
    </ClCompile>
    <ClCompile Include="XListCtrl.cpp">
      <Filter>component</Filter>
    </ClCompile>
  </ItemGroup>
  <ItemGroup>
    <ResourceCompile Include="axissm.rc">
      <Filter>Source Files</Filter>
    </ResourceCompile>
  </ItemGroup>
  <ItemGroup>
    <ClInclude Include="axButton.h">
      <Filter>Header Files</Filter>
    </ClInclude>
    <ClInclude Include="axGuide.h">
      <Filter>Header Files</Filter>
    </ClInclude>
    <ClInclude Include="axSB.h">
      <Filter>Header Files</Filter>
    </ClInclude>
    <ClInclude Include="axStatic.h">
      <Filter>Header Files</Filter>
    </ClInclude>
    <ClInclude Include="axTicker.h">
      <Filter>Header Files</Filter>
    </ClInclude>
    <ClInclude Include="Bb.h">
      <Filter>Header Files</Filter>
    </ClInclude>
    <ClInclude Include="BCtrl1.h">
      <Filter>Header Files</Filter>
    </ClInclude>
    <ClInclude Include="BCtrl2.h">
      <Filter>Header Files</Filter>
    </ClInclude>
    <ClInclude Include="BCtrl3.h">
      <Filter>Header Files</Filter>
    </ClInclude>
    <ClInclude Include="color.h">
      <Filter>Header Files</Filter>
    </ClInclude>
    <ClInclude Include="CoolDialogBar.h">
      <Filter>Header Files</Filter>
    </ClInclude>
    <ClInclude Include="Dbar0.h">
      <Filter>Header Files</Filter>
    </ClInclude>
    <ClInclude Include="Dbar1.h">
      <Filter>Header Files</Filter>
    </ClInclude>
    <ClInclude Include="Dbar2.h">
      <Filter>Header Files</Filter>
    </ClInclude>
    <ClInclude Include="ESetup.h">
      <Filter>Header Files</Filter>
    </ClInclude>
    <ClInclude Include="fxSpin.h">
      <Filter>Header Files</Filter>
    </ClInclude>
    <ClInclude Include="hBand.h">
      <Filter>Header Files</Filter>
    </ClInclude>
    <ClInclude Include="Hotkey.h">
      <Filter>Header Files</Filter>
    </ClInclude>
    <ClInclude Include="ImageSetup.h">
      <Filter>Header Files</Filter>
    </ClInclude>
    <ClInclude Include="iMenu.h">
      <Filter>Header Files</Filter>
    </ClInclude>
    <ClInclude Include="ItemRename.h">
      <Filter>Header Files</Filter>
    </ClInclude>
    <ClInclude Include="Link.h">
      <Filter>Header Files</Filter>
    </ClInclude>
    <ClInclude Include="MDIClient.h">
      <Filter>Header Files</Filter>
    </ClInclude>
    <ClInclude Include="MenuSearch.h">
      <Filter>Header Files</Filter>
    </ClInclude>
    <ClInclude Include="MenuXP.h">
      <Filter>Header Files</Filter>
    </ClInclude>
    <ClInclude Include="MngSetup.h">
      <Filter>Header Files</Filter>
    </ClInclude>
    <ClInclude Include="NButton.h">
      <Filter>Header Files</Filter>
    </ClInclude>
    <ClInclude Include="OrderSetup.h">
      <Filter>Header Files</Filter>
    </ClInclude>
    <ClInclude Include="PalButton.h">
      <Filter>Header Files</Filter>
    </ClInclude>
    <ClInclude Include="PaneList.h">
      <Filter>Header Files</Filter>
    </ClInclude>
    <ClInclude Include="RegCode.h">
      <Filter>Header Files</Filter>
    </ClInclude>
    <ClInclude Include="RegMap.h">
      <Filter>Header Files</Filter>
    </ClInclude>
    <ClInclude Include="ReportCtrl.h">
      <Filter>Header Files</Filter>
    </ClInclude>
    <ClInclude Include="Resource.h">
      <Filter>Header Files</Filter>
    </ClInclude>
    <ClInclude Include="RunX.h">
      <Filter>Header Files</Filter>
    </ClInclude>
    <ClInclude Include="ScreenList.h">
      <Filter>Header Files</Filter>
    </ClInclude>
    <ClInclude Include="SDIBand.h">
      <Filter>Header Files</Filter>
    </ClInclude>
    <ClInclude Include="Sdibar.h">
      <Filter>Header Files</Filter>
    </ClInclude>
    <ClInclude Include="SetTickInfo.h">
      <Filter>Header Files</Filter>
    </ClInclude>
    <ClInclude Include="SimpleSplitter.h">
      <Filter>Header Files</Filter>
    </ClInclude>
    <ClInclude Include="SkinDlg.h">
      <Filter>Header Files</Filter>
    </ClInclude>
    <ClInclude Include="Smain.h">
      <Filter>Header Files</Filter>
    </ClInclude>
    <ClInclude Include="Smcall.h">
      <Filter>Header Files</Filter>
    </ClInclude>
    <ClInclude Include="smdefine.h">
      <Filter>Header Files</Filter>
    </ClInclude>
    <ClInclude Include="smheader.h">
      <Filter>Header Files</Filter>
    </ClInclude>
    <ClInclude Include="SmSheet.h">
      <Filter>Header Files</Filter>
    </ClInclude>
    <ClInclude Include="StdAfx.h">
      <Filter>Header Files</Filter>
    </ClInclude>
    <ClInclude Include="SVband.h">
      <Filter>Header Files</Filter>
    </ClInclude>
    <ClInclude Include="TInfo1.h">
      <Filter>Header Files</Filter>
    </ClInclude>
    <ClInclude Include="TInfo2.h">
      <Filter>Header Files</Filter>
    </ClInclude>
    <ClInclude Include="TrSearch.h">
      <Filter>Header Files</Filter>
    </ClInclude>
    <ClInclude Include="TSetup.h">
      <Filter>Header Files</Filter>
    </ClInclude>
    <ClInclude Include="Xcom.h">
      <Filter>Header Files</Filter>
    </ClInclude>
    <ClInclude Include="Xcomex.h">
      <Filter>Header Files</Filter>
    </ClInclude>
    <ClInclude Include="Xedit.h">
      <Filter>Header Files</Filter>
    </ClInclude>
    <ClInclude Include="AxScrollBar.h">
      <Filter>Ctrl</Filter>
    </ClInclude>
    <ClInclude Include="bitmap.h">
      <Filter>Ctrl</Filter>
    </ClInclude>
    <ClInclude Include="colorCombo.h">
      <Filter>Ctrl</Filter>
    </ClInclude>
    <ClInclude Include="ExCombo.h">
      <Filter>Ctrl</Filter>
    </ClInclude>
    <ClInclude Include="ExDialog.h">
      <Filter>Ctrl</Filter>
    </ClInclude>
    <ClInclude Include="ExListCtrl.h">
      <Filter>Ctrl</Filter>
    </ClInclude>
    <ClInclude Include="ExTreeCtrl.h">
      <Filter>Ctrl</Filter>
    </ClInclude>
    <ClInclude Include="fxTab.h">
      <Filter>Ctrl</Filter>
    </ClInclude>
    <ClInclude Include="listctrlSort.h">
      <Filter>Ctrl</Filter>
    </ClInclude>
    <ClInclude Include="listEdit.h">
      <Filter>Ctrl</Filter>
    </ClInclude>
    <ClInclude Include="listHeader.h">
      <Filter>Ctrl</Filter>
    </ClInclude>
    <ClInclude Include="misctype.h">
      <Filter>Ctrl</Filter>
    </ClInclude>
    <ClInclude Include="palette.h">
      <Filter>Ctrl</Filter>
    </ClInclude>
    <ClInclude Include="themeCombo.h">
      <Filter>Ctrl</Filter>
    </ClInclude>
    <ClInclude Include="TMenu.h">
      <Filter>Source Files</Filter>
    </ClInclude>
    <ClInclude Include="AxBitmap.h">
      <Filter>Header Files</Filter>
    </ClInclude>
    <ClInclude Include="SetupDialog.h">
      <Filter>Header Files</Filter>
    </ClInclude>
    <ClInclude Include="TotalSetup.h">
      <Filter>Header Files</Filter>
    </ClInclude>
    <ClInclude Include="..\ctrl\fxTreeCtrl.h">
      <Filter>Ctrl</Filter>
    </ClInclude>
    <ClInclude Include="Pane.h">
      <Filter>Header Files</Filter>
    </ClInclude>
    <ClInclude Include="DSetupDlg.h">
      <Filter>Header Files</Filter>
    </ClInclude>
    <ClInclude Include="AlarmDlg.h">
      <Filter>Header Files</Filter>
    </ClInclude>
    <ClInclude Include="Global.h">
      <Filter>Header Files</Filter>
    </ClInclude>
    <ClInclude Include="XEditBox.h">
      <Filter>component</Filter>
    </ClInclude>
    <ClInclude Include="XComboBox.h">
      <Filter>component</Filter>
    </ClInclude>
    <ClInclude Include="XDateBox.h">
      <Filter>component</Filter>
    </ClInclude>
    <ClInclude Include="XSpinBox.h">
      <Filter>component</Filter>
    </ClInclude>
    <ClInclude Include="SkinButton.h">
      <Filter>component</Filter>
    </ClInclude>
    <ClInclude Include="SkinDialog.h">
      <Filter>component</Filter>
    </ClInclude>
    <ClInclude Include="XHeaderCtrl.h">
      <Filter>component</Filter>
    </ClInclude>
    <ClInclude Include="XListCtrl.h">
      <Filter>component</Filter>
    </ClInclude>
  </ItemGroup>
  <ItemGroup>
    <CustomBuild Include="axissm.def">
      <Filter>Source Files</Filter>
    </CustomBuild>
    <CustomBuild Include="res\1.bmp">
      <Filter>Resource Files</Filter>
    </CustomBuild>
    <CustomBuild Include="res\1_.bmp">
      <Filter>Resource Files</Filter>
    </CustomBuild>
    <CustomBuild Include="res\2.bmp">
      <Filter>Resource Files</Filter>
    </CustomBuild>
    <CustomBuild Include="res\2_.bmp">
      <Filter>Resource Files</Filter>
    </CustomBuild>
    <CustomBuild Include="res\3.bmp">
      <Filter>Resource Files</Filter>
    </CustomBuild>
    <CustomBuild Include="res\3_.bmp">
      <Filter>Resource Files</Filter>
    </CustomBuild>
    <CustomBuild Include="res\4.bmp">
      <Filter>Resource Files</Filter>
    </CustomBuild>
    <CustomBuild Include="res\4_.bmp">
      <Filter>Resource Files</Filter>
    </CustomBuild>
    <CustomBuild Include="res\actskin.bmp">
      <Filter>Resource Files</Filter>
    </CustomBuild>
    <CustomBuild Include="res\alist.bmp">
      <Filter>Resource Files</Filter>
    </CustomBuild>
    <CustomBuild Include="res\axissm.rc2">
      <Filter>Resource Files</Filter>
    </CustomBuild>
    <CustomBuild Include="res\bar1back.bmp">
      <Filter>Resource Files</Filter>
    </CustomBuild>
    <CustomBuild Include="res\bar2back.bmp">
      <Filter>Resource Files</Filter>
    </CustomBuild>
    <CustomBuild Include="res\bar2button.bmp">
      <Filter>Resource Files</Filter>
    </CustomBuild>
    <CustomBuild Include="res\cimg.bmp">
      <Filter>Resource Files</Filter>
    </CustomBuild>
    <CustomBuild Include="res\cimg_d.bmp">
      <Filter>Resource Files</Filter>
    </CustomBuild>
    <CustomBuild Include="res\comarrow.bmp">
      <Filter>Resource Files</Filter>
    </CustomBuild>
    <CustomBuild Include="res\Darr_down.bmp">
      <Filter>Resource Files</Filter>
    </CustomBuild>
    <CustomBuild Include="res\Darr_up.bmp">
      <Filter>Resource Files</Filter>
    </CustomBuild>
    <CustomBuild Include="res\expand.bmp">
      <Filter>Resource Files</Filter>
    </CustomBuild>
    <CustomBuild Include="res\expand2.bmp">
      <Filter>Resource Files</Filter>
    </CustomBuild>
    <CustomBuild Include="res\HARROW.CUR">
      <Filter>Resource Files</Filter>
    </CustomBuild>
    <CustomBuild Include="res\infoback.bmp">
      <Filter>Resource Files</Filter>
    </CustomBuild>
    <CustomBuild Include="res\itemTitle.bmp">
      <Filter>Resource Files</Filter>
    </CustomBuild>
    <CustomBuild Include="res\logo.bmp">
      <Filter>Resource Files</Filter>
    </CustomBuild>
    <CustomBuild Include="res\menubk.bmp">
      <Filter>Resource Files</Filter>
    </CustomBuild>
    <CustomBuild Include="res\reflesh_c.bmp">
      <Filter>Resource Files</Filter>
    </CustomBuild>
    <CustomBuild Include="res\reflesh_d.bmp">
      <Filter>Resource Files</Filter>
    </CustomBuild>
    <CustomBuild Include="res\reflesh_o.bmp">
      <Filter>Resource Files</Filter>
    </CustomBuild>
    <CustomBuild Include="res\sclose.bmp">
      <Filter>Resource Files</Filter>
    </CustomBuild>
    <CustomBuild Include="res\sdiexpand.bmp">
      <Filter>Resource Files</Filter>
    </CustomBuild>
    <CustomBuild Include="res\sdivscreen.bmp">
      <Filter>Resource Files</Filter>
    </CustomBuild>
    <CustomBuild Include="res\SetupImage.bmp">
      <Filter>Resource Files</Filter>
    </CustomBuild>
    <CustomBuild Include="res\sexpand.bmp">
      <Filter>Resource Files</Filter>
    </CustomBuild>
    <CustomBuild Include="res\sicon.ico">
      <Filter>Resource Files</Filter>
    </CustomBuild>
    <CustomBuild Include="res\skin.bmp">
      <Filter>Resource Files</Filter>
    </CustomBuild>
    <CustomBuild Include="res\spin.bmp">
      <Filter>Resource Files</Filter>
    </CustomBuild>
    <CustomBuild Include="res\sscreensave.bmp">
      <Filter>Resource Files</Filter>
    </CustomBuild>
    <CustomBuild Include="res\sswitch.bmp">
      <Filter>Resource Files</Filter>
    </CustomBuild>
    <CustomBuild Include="res\ticklist.bmp">
      <Filter>Resource Files</Filter>
    </CustomBuild>
    <CustomBuild Include="res\toolbox.bmp">
      <Filter>Resource Files</Filter>
    </CustomBuild>
    <CustomBuild Include="res\treeicon.bmp">
      <Filter>Resource Files</Filter>
    </CustomBuild>
    <CustomBuild Include="res\Uarr_down.bmp">
      <Filter>Resource Files</Filter>
    </CustomBuild>
    <CustomBuild Include="res\Uarr_up.bmp">
      <Filter>Resource Files</Filter>
    </CustomBuild>
    <CustomBuild Include="res\vitualscreenimg.bmp">
      <Filter>Resource Files</Filter>
    </CustomBuild>
    <CustomBuild Include="res\첨부파일.bmp">
      <Filter>Resource Files</Filter>
    </CustomBuild>
    <CustomBuild Include="ReadMe.txt" />
  </ItemGroup>
  <ItemGroup>
    <None Include="..\..\..\image\setting.ico">
      <Filter>Resource Files</Filter>
    </None>
    <None Include="res\soundon.BMP">
      <Filter>Resource Files</Filter>
    </None>
    <None Include="res\soundoff.BMP">
      <Filter>Resource Files</Filter>
    </None>
  </ItemGroup>
</Project>