<?xml version="1.0" encoding="utf-8"?>
<Project ToolsVersion="4.0" xmlns="http://schemas.microsoft.com/developer/msbuild/2003">
  <ItemGroup>
    <Filter Include="Source Files">
      <UniqueIdentifier>{30ec1c5f-5ef4-4c26-9d99-800ea1178c6d}</UniqueIdentifier>
      <Extensions>cpp;c;cxx;rc;def;r;odl;idl;hpj;bat</Extensions>
    </Filter>
    <Filter Include="Header Files">
      <UniqueIdentifier>{84f86128-54f9-4caa-b939-abad147effd6}</UniqueIdentifier>
      <Extensions>h;hpp;hxx;hm;inl</Extensions>
    </Filter>
    <Filter Include="Resource Files">
      <UniqueIdentifier>{012c1d52-dd8f-4e98-91a6-6db97dec9dad}</UniqueIdentifier>
      <Extensions>ico;cur;bmp;dlg;rc2;rct;bin;rgs;gif;jpg;jpeg;jpe</Extensions>
    </Filter>
  </ItemGroup>
  <ItemGroup>
    <ClCompile Include="controlWnd.cpp">
      <Filter>Source Files</Filter>
    </ClCompile>
    <ClCompile Include="Cx_NotifyEx.cpp">
      <Filter>Source Files</Filter>
    </ClCompile>
    <ClCompile Include="dxopsenscal.cpp">
      <Filter>Source Files</Filter>
    </ClCompile>
    <ClCompile Include="info.cpp">
      <Filter>Source Files</Filter>
    </ClCompile>
    <ClCompile Include="libctrl.cpp">
      <Filter>Source Files</Filter>
    </ClCompile>
    <ClCompile Include="libDefine.cpp">
      <Filter>Source Files</Filter>
    </ClCompile>
    <ClCompile Include="opSensCal.cpp">
      <Filter>Source Files</Filter>
    </ClCompile>
    <ClCompile Include="StdAfx.cpp">
      <Filter>Source Files</Filter>
    </ClCompile>
  </ItemGroup>
  <ItemGroup>
    <Midl Include="Cx_NotifyEx.odl">
      <Filter>Source Files</Filter>
    </Midl>
  </ItemGroup>
  <ItemGroup>
    <ResourceCompile Include="Cx_NotifyEx.rc">
      <Filter>Source Files</Filter>
    </ResourceCompile>
  </ItemGroup>
  <ItemGroup>
    <ClInclude Include="controlWnd.h">
      <Filter>Header Files</Filter>
    </ClInclude>
    <ClInclude Include="Cx_NotifyEx.h">
      <Filter>Header Files</Filter>
    </ClInclude>
    <ClInclude Include="dxopsenscal.h">
      <Filter>Header Files</Filter>
    </ClInclude>
    <ClInclude Include="info.h">
      <Filter>Header Files</Filter>
    </ClInclude>
    <ClInclude Include="libctrl.h">
      <Filter>Header Files</Filter>
    </ClInclude>
    <ClInclude Include="libDefine.h">
      <Filter>Header Files</Filter>
    </ClInclude>
    <ClInclude Include="opSensCal.h">
      <Filter>Header Files</Filter>
    </ClInclude>
    <ClInclude Include="Resource.h">
      <Filter>Header Files</Filter>
    </ClInclude>
    <ClInclude Include="StdAfx.h">
      <Filter>Header Files</Filter>
    </ClInclude>
  </ItemGroup>
  <ItemGroup>
    <Text Include="ReadMe.txt" />
  </ItemGroup>
  <ItemGroup>
    <CustomBuild Include="Cx_NotifyEx.def">
      <Filter>Source Files</Filter>
    </CustomBuild>
    <CustomBuild Include="res\Cx_NotifyEx.rc2">
      <Filter>Resource Files</Filter>
    </CustomBuild>
  </ItemGroup>
</Project>