<?xml version="1.0" encoding="utf-8"?>
<Project ToolsVersion="4.0" xmlns="http://schemas.microsoft.com/developer/msbuild/2003">
  <ItemGroup>
    <Filter Include="Source Files">
      <UniqueIdentifier>{15b380dd-ad31-4882-b5f5-d429bfb15ed2}</UniqueIdentifier>
      <Extensions>cpp;c;cxx;rc;def;r;odl;idl;hpj;bat</Extensions>
    </Filter>
    <Filter Include="Header Files">
      <UniqueIdentifier>{9285a51a-0c11-4bbc-a7df-5866d2fe22d2}</UniqueIdentifier>
      <Extensions>h;hpp;hxx;hm;inl</Extensions>
    </Filter>
    <Filter Include="Resource Files">
      <UniqueIdentifier>{7f7f39b1-e22d-42cc-93a5-0b92761c43dd}</UniqueIdentifier>
      <Extensions>ico;cur;bmp;dlg;rc2;rct;bin;rgs;gif;jpg;jpeg;jpe</Extensions>
    </Filter>
  </ItemGroup>
  <ItemGroup>
    <ClCompile Include="AccelArc.cpp">
      <Filter>Source Files</Filter>
    </ClCompile>
    <ClCompile Include="AccelFan.cpp">
      <Filter>Source Files</Filter>
    </ClCompile>
    <ClCompile Include="AdCross.cpp">
      <Filter>Source Files</Filter>
    </ClCompile>
    <ClCompile Include="AndrewPF.cpp">
      <Filter>Source Files</Filter>
    </ClCompile>
    <ClCompile Include="ArrowTool.cpp">
      <Filter>Source Files</Filter>
    </ClCompile>
    <ClCompile Include="axisGTool.cpp">
      <Filter>Source Files</Filter>
    </ClCompile>
    <ClCompile Include="Daedeung.cpp">
      <Filter>Source Files</Filter>
    </ClCompile>
    <ClCompile Include="FiboArc.cpp">
      <Filter>Source Files</Filter>
    </ClCompile>
    <ClCompile Include="FiboFan.cpp">
      <Filter>Source Files</Filter>
    </ClCompile>
    <ClCompile Include="FiboFan2.cpp">
      <Filter>Source Files</Filter>
    </ClCompile>
    <ClCompile Include="FiboLine.cpp">
      <Filter>Source Files</Filter>
    </ClCompile>
    <ClCompile Include="FiboRet.cpp">
      <Filter>Source Files</Filter>
    </ClCompile>
    <ClCompile Include="Figure.cpp">
      <Filter>Source Files</Filter>
    </ClCompile>
    <ClCompile Include="GannFan.cpp">
      <Filter>Source Files</Filter>
    </ClCompile>
    <ClCompile Include="GannLine.cpp">
      <Filter>Source Files</Filter>
    </ClCompile>
    <ClCompile Include="Gigan.cpp">
      <Filter>Source Files</Filter>
    </ClCompile>
    <ClCompile Include="HLine.cpp">
      <Filter>Source Files</Filter>
    </ClCompile>
    <ClCompile Include="QuardLine.cpp">
      <Filter>Source Files</Filter>
    </ClCompile>
    <ClCompile Include="StdAfx.cpp">
      <Filter>Source Files</Filter>
    </ClCompile>
    <ClCompile Include="Tendency.cpp">
      <Filter>Source Files</Filter>
    </ClCompile>
    <ClCompile Include="TendencyEx.cpp">
      <Filter>Source Files</Filter>
    </ClCompile>
    <ClCompile Include="ToolBase.cpp">
      <Filter>Source Files</Filter>
    </ClCompile>
    <ClCompile Include="ToolMgr.cpp">
      <Filter>Source Files</Filter>
    </ClCompile>
    <ClCompile Include="UserInputDlg.cpp">
      <Filter>Source Files</Filter>
    </ClCompile>
    <ClCompile Include="UserString.cpp">
      <Filter>Source Files</Filter>
    </ClCompile>
    <ClCompile Include="VLine.cpp">
      <Filter>Source Files</Filter>
    </ClCompile>
  </ItemGroup>
  <ItemGroup>
    <ResourceCompile Include="axisGTool.rc">
      <Filter>Source Files</Filter>
    </ResourceCompile>
  </ItemGroup>
  <ItemGroup>
    <ClInclude Include="AccelArc.h">
      <Filter>Header Files</Filter>
    </ClInclude>
    <ClInclude Include="AccelFan.h">
      <Filter>Header Files</Filter>
    </ClInclude>
    <ClInclude Include="AdCross.h">
      <Filter>Header Files</Filter>
    </ClInclude>
    <ClInclude Include="AndrewPF.h">
      <Filter>Header Files</Filter>
    </ClInclude>
    <ClInclude Include="ArrowTool.h">
      <Filter>Header Files</Filter>
    </ClInclude>
    <ClInclude Include="Daedeung.h">
      <Filter>Header Files</Filter>
    </ClInclude>
    <ClInclude Include="FiboArc.h">
      <Filter>Header Files</Filter>
    </ClInclude>
    <ClInclude Include="FiboFan.h">
      <Filter>Header Files</Filter>
    </ClInclude>
    <ClInclude Include="FiboFan2.h">
      <Filter>Header Files</Filter>
    </ClInclude>
    <ClInclude Include="FiboLine.h">
      <Filter>Header Files</Filter>
    </ClInclude>
    <ClInclude Include="FiboRet.h">
      <Filter>Header Files</Filter>
    </ClInclude>
    <ClInclude Include="Figure.h">
      <Filter>Header Files</Filter>
    </ClInclude>
    <ClInclude Include="GannFan.h">
      <Filter>Header Files</Filter>
    </ClInclude>
    <ClInclude Include="GannLine.h">
      <Filter>Header Files</Filter>
    </ClInclude>
    <ClInclude Include="Gigan.h">
      <Filter>Header Files</Filter>
    </ClInclude>
    <ClInclude Include="HLine.h">
      <Filter>Header Files</Filter>
    </ClInclude>
    <ClInclude Include="QuardLine.h">
      <Filter>Header Files</Filter>
    </ClInclude>
    <ClInclude Include="Resource.h">
      <Filter>Header Files</Filter>
    </ClInclude>
    <ClInclude Include="StdAfx.h">
      <Filter>Header Files</Filter>
    </ClInclude>
    <ClInclude Include="Tendency.h">
      <Filter>Header Files</Filter>
    </ClInclude>
    <ClInclude Include="TendencyEx.h">
      <Filter>Header Files</Filter>
    </ClInclude>
    <ClInclude Include="ToolBase.h">
      <Filter>Header Files</Filter>
    </ClInclude>
    <ClInclude Include="ToolMgr.h">
      <Filter>Header Files</Filter>
    </ClInclude>
    <ClInclude Include="UserInputDlg.h">
      <Filter>Header Files</Filter>
    </ClInclude>
    <ClInclude Include="UserString.h">
      <Filter>Header Files</Filter>
    </ClInclude>
    <ClInclude Include="VLine.h">
      <Filter>Header Files</Filter>
    </ClInclude>
  </ItemGroup>
  <ItemGroup>
    <Text Include="ReadMe.txt" />
  </ItemGroup>
  <ItemGroup>
    <CustomBuild Include="axisGTool.def">
      <Filter>Source Files</Filter>
    </CustomBuild>
    <CustomBuild Include="res\axisGTool.rc2">
      <Filter>Resource Files</Filter>
    </CustomBuild>
  </ItemGroup>
</Project>