<?xml version="1.0" encoding="utf-8"?>
<Project ToolsVersion="4.0" xmlns="http://schemas.microsoft.com/developer/msbuild/2003">
  <ItemGroup>
    <Filter Include="소스 파일">
      <UniqueIdentifier>{4FC737F1-C7A5-4376-A066-2A32D752A2FF}</UniqueIdentifier>
      <Extensions>cpp;c;cc;cxx;def;odl;idl;hpj;bat;asm;asmx</Extensions>
    </Filter>
    <Filter Include="헤더 파일">
      <UniqueIdentifier>{93995380-89BD-4b04-88EB-625FBE52EBFB}</UniqueIdentifier>
      <Extensions>h;hpp;hxx;hm;inl;inc;xsd</Extensions>
    </Filter>
    <Filter Include="리소스 파일">
      <UniqueIdentifier>{67DA6AB6-F800-4c08-8B7A-83BB121AAD01}</UniqueIdentifier>
      <Extensions>rc;ico;cur;bmp;dlg;rc2;rct;bin;rgs;gif;jpg;jpeg;jpe;resx;tiff;tif;png;wav;mfcribbon-ms</Extensions>
    </Filter>
    <Filter Include="소스 파일\controls">
      <UniqueIdentifier>{5a090e2b-b020-4b14-8045-e4c0768bf3d5}</UniqueIdentifier>
    </Filter>
    <Filter Include="소스 파일\scriptEdit">
      <UniqueIdentifier>{d9faa740-c5f4-46d6-980f-d3d272c6deab}</UniqueIdentifier>
    </Filter>
    <Filter Include="헤더 파일\controls">
      <UniqueIdentifier>{15c74edc-a63b-466c-9e9d-b9a71c37c49f}</UniqueIdentifier>
    </Filter>
    <Filter Include="헤더 파일\scriptEdit">
      <UniqueIdentifier>{343abbe7-5ea1-434d-9998-99bbe259a6ef}</UniqueIdentifier>
    </Filter>
  </ItemGroup>
  <ItemGroup>
    <None Include="ReadMe.txt" />
    <None Include="res\file_view.ico">
      <Filter>리소스 파일</Filter>
    </None>
    <None Include="res\file_view_hc.ico">
      <Filter>리소스 파일</Filter>
    </None>
    <None Include="res\class_view.ico">
      <Filter>리소스 파일</Filter>
    </None>
    <None Include="res\class_view_hc.ico">
      <Filter>리소스 파일</Filter>
    </None>
    <None Include="res\fileview.bmp">
      <Filter>리소스 파일</Filter>
    </None>
    <None Include="res\fileview_hc.bmp">
      <Filter>리소스 파일</Filter>
    </None>
    <None Include="res\classview.bmp">
      <Filter>리소스 파일</Filter>
    </None>
    <None Include="res\classview_hc.bmp">
      <Filter>리소스 파일</Filter>
    </None>
    <None Include="res\explorer.bmp">
      <Filter>리소스 파일</Filter>
    </None>
    <None Include="res\explorer_hc.bmp">
      <Filter>리소스 파일</Filter>
    </None>
    <None Include="res\sort.bmp">
      <Filter>리소스 파일</Filter>
    </None>
    <None Include="res\sort_hc.bmp">
      <Filter>리소스 파일</Filter>
    </None>
    <None Include="res\menuimages.bmp">
      <Filter>리소스 파일</Filter>
    </None>
    <None Include="res\menuimages_hc.bmp">
      <Filter>리소스 파일</Filter>
    </None>
    <None Include="res\output_wnd.ico">
      <Filter>리소스 파일</Filter>
    </None>
    <None Include="res\output_wnd_hc.ico">
      <Filter>리소스 파일</Filter>
    </None>
    <None Include="res\properties_wnd.ico">
      <Filter>리소스 파일</Filter>
    </None>
    <None Include="res\properties_wnd_hc.ico">
      <Filter>리소스 파일</Filter>
    </None>
    <None Include="res\properties.bmp">
      <Filter>리소스 파일</Filter>
    </None>
    <None Include="res\properties_hc.bmp">
      <Filter>리소스 파일</Filter>
    </None>
    <None Include="UserImages.bmp">
      <Filter>리소스 파일</Filter>
    </None>
    <None Include="res\axisMBuilder.rc2">
      <Filter>리소스 파일</Filter>
    </None>
    <None Include="res\axisMBuilderDoc.ico">
      <Filter>리소스 파일</Filter>
    </None>
    <None Include="res\axisMBuilder.ico">
      <Filter>리소스 파일</Filter>
    </None>
    <None Include="res\Toolbar.bmp">
      <Filter>리소스 파일</Filter>
    </None>
    <None Include="res\Toolbar256.bmp">
      <Filter>리소스 파일</Filter>
    </None>
    <None Include="res\work1.ico">
      <Filter>리소스 파일</Filter>
    </None>
    <None Include="res\work2.ico">
      <Filter>리소스 파일</Filter>
    </None>
    <None Include="res\output.ico">
      <Filter>리소스 파일</Filter>
    </None>
    <None Include="res\properties.ico">
      <Filter>리소스 파일</Filter>
    </None>
    <None Include="res\map.ico">
      <Filter>리소스 파일</Filter>
    </None>
    <None Include="res\procedures.ico">
      <Filter>리소스 파일</Filter>
    </None>
    <None Include="res\fileview_tb.bmp">
      <Filter>리소스 파일</Filter>
    </None>
    <None Include="res\alignbar.bmp">
      <Filter>리소스 파일</Filter>
    </None>
    <None Include="res\drawbar.bmp">
      <Filter>리소스 파일</Filter>
    </None>
    <None Include="res\etcbar.bmp">
      <Filter>리소스 파일</Filter>
    </None>
    <None Include="res\controls.bmp">
      <Filter>리소스 파일</Filter>
    </None>
    <None Include="res\axisupdate.bmp">
      <Filter>리소스 파일</Filter>
    </None>
    <None Include="res\server_tb.bmp">
      <Filter>리소스 파일</Filter>
    </None>
    <None Include="res\server_list_tb.bmp">
      <Filter>리소스 파일</Filter>
    </None>
    <None Include="res\treeview.bmp">
      <Filter>리소스 파일</Filter>
    </None>
    <None Include="res\autocompl.bmp">
      <Filter>리소스 파일</Filter>
    </None>
    <None Include="res\cemargin.bmp">
      <Filter>리소스 파일</Filter>
    </None>
    <None Include="res\cemargin_icons.bmp">
      <Filter>리소스 파일</Filter>
    </None>
    <None Include="res\pinnopush.bmp">
      <Filter>리소스 파일</Filter>
    </None>
    <None Include="res\pinpush.bmp">
      <Filter>리소스 파일</Filter>
    </None>
    <None Include="res\dropcopy.cur">
      <Filter>리소스 파일</Filter>
    </None>
    <None Include="res\nodropcopy.cur">
      <Filter>리소스 파일</Filter>
    </None>
    <None Include="res\nodropmove.cur">
      <Filter>리소스 파일</Filter>
    </None>
    <None Include="ClassDiagram1.cd" />
    <None Include="ClassDiagram2.cd" />
    <None Include="mSock\mSock.sln" />
    <None Include="res\bitmap2.bmp">
      <Filter>리소스 파일</Filter>
    </None>
    <None Include="res\script.bmp">
      <Filter>리소스 파일</Filter>
    </None>
    <None Include="res\all.bmp">
      <Filter>리소스 파일</Filter>
    </None>
    <None Include="res\all_dn.bmp">
      <Filter>리소스 파일</Filter>
    </None>
    <None Include="res\pin.bmp">
      <Filter>리소스 파일</Filter>
    </None>
    <None Include="res\pin_dn.bmp">
      <Filter>리소스 파일</Filter>
    </None>
    <None Include="res\DRAWBAR_MINI.bmp">
      <Filter>리소스 파일</Filter>
    </None>
  </ItemGroup>
  <ItemGroup>
    <ClInclude Include="axisMBuilder.h">
      <Filter>헤더 파일</Filter>
    </ClInclude>
    <ClInclude Include="stdafx.h">
      <Filter>헤더 파일</Filter>
    </ClInclude>
    <ClInclude Include="targetver.h">
      <Filter>헤더 파일</Filter>
    </ClInclude>
    <ClInclude Include="MainFrm.h">
      <Filter>헤더 파일</Filter>
    </ClInclude>
    <ClInclude Include="ChildFrm.h">
      <Filter>헤더 파일</Filter>
    </ClInclude>
    <ClInclude Include="Resource.h">
      <Filter>헤더 파일</Filter>
    </ClInclude>
    <ClInclude Include="FileView.h">
      <Filter>헤더 파일</Filter>
    </ClInclude>
    <ClInclude Include="OutputWnd.h">
      <Filter>헤더 파일</Filter>
    </ClInclude>
    <ClInclude Include="PropertiesWnd.h">
      <Filter>헤더 파일</Filter>
    </ClInclude>
    <ClInclude Include="ChildView.h">
      <Filter>헤더 파일</Filter>
    </ClInclude>
    <ClInclude Include="emulateWnd.h">
      <Filter>헤더 파일</Filter>
    </ClInclude>
    <ClInclude Include="Group.h">
      <Filter>헤더 파일</Filter>
    </ClInclude>
    <ClInclude Include="mapView.h">
      <Filter>헤더 파일</Filter>
    </ClInclude>
    <ClInclude Include="mdiTabs.h">
      <Filter>헤더 파일</Filter>
    </ClInclude>
    <ClInclude Include="symbolView.h">
      <Filter>헤더 파일</Filter>
    </ClInclude>
    <ClInclude Include="table.hxx">
      <Filter>헤더 파일</Filter>
    </ClInclude>
    <ClInclude Include="autoCmplDlg.h">
      <Filter>헤더 파일\scriptEdit</Filter>
    </ClInclude>
    <ClInclude Include="autoToolTip.h">
      <Filter>헤더 파일\scriptEdit</Filter>
    </ClInclude>
    <ClInclude Include="boldComboBox.h">
      <Filter>헤더 파일\controls</Filter>
    </ClInclude>
    <ClInclude Include="CCrystalEditView.h">
      <Filter>헤더 파일\scriptEdit</Filter>
    </ClInclude>
    <ClInclude Include="CCrystalTextView.h">
      <Filter>헤더 파일\scriptEdit</Filter>
    </ClInclude>
    <ClInclude Include="CCrystalTextBuffer.h">
      <Filter>헤더 파일\scriptEdit</Filter>
    </ClInclude>
    <ClInclude Include="cedefs.h">
      <Filter>헤더 파일\scriptEdit</Filter>
    </ClInclude>
    <ClInclude Include="editcmd.h">
      <Filter>헤더 파일\scriptEdit</Filter>
    </ClInclude>
    <ClInclude Include="editreg.h">
      <Filter>헤더 파일\scriptEdit</Filter>
    </ClInclude>
    <ClInclude Include="editReplaceDlg.h">
      <Filter>헤더 파일\scriptEdit</Filter>
    </ClInclude>
    <ClInclude Include="findTextDlg.h">
      <Filter>헤더 파일\scriptEdit</Filter>
    </ClInclude>
    <ClInclude Include="scListBox.h">
      <Filter>헤더 파일\scriptEdit</Filter>
    </ClInclude>
    <ClInclude Include="VBScriptEdit.h">
      <Filter>헤더 파일\scriptEdit</Filter>
    </ClInclude>
    <ClInclude Include="checkComboBox.h">
      <Filter>헤더 파일\controls</Filter>
    </ClInclude>
    <ClInclude Include="fileTree.h">
      <Filter>헤더 파일\controls</Filter>
    </ClInclude>
    <ClInclude Include="mEdit.h">
      <Filter>헤더 파일\controls</Filter>
    </ClInclude>
    <ClInclude Include="nfButton.h">
      <Filter>헤더 파일\controls</Filter>
    </ClInclude>
    <ClInclude Include="PropertiesGrid.h">
      <Filter>헤더 파일\controls</Filter>
    </ClInclude>
    <ClInclude Include="resultEditCtrl.h">
      <Filter>헤더 파일\controls</Filter>
    </ClInclude>
    <ClInclude Include="symbol.h">
      <Filter>헤더 파일\controls</Filter>
    </ClInclude>
    <ClInclude Include="symbolTree.h">
      <Filter>헤더 파일\controls</Filter>
    </ClInclude>
    <ClInclude Include="symTbl.h">
      <Filter>헤더 파일\controls</Filter>
    </ClInclude>
    <ClInclude Include="tips.h">
      <Filter>헤더 파일\controls</Filter>
    </ClInclude>
    <ClInclude Include="ttListCtrl.h">
      <Filter>헤더 파일\controls</Filter>
    </ClInclude>
    <ClInclude Include="ViewTree.h">
      <Filter>헤더 파일\controls</Filter>
    </ClInclude>
    <ClInclude Include="splashWnd.h">
      <Filter>헤더 파일\controls</Filter>
    </ClInclude>
    <ClInclude Include="FormDefault.h">
      <Filter>헤더 파일</Filter>
    </ClInclude>
    <ClInclude Include="TrLayOut.h">
      <Filter>헤더 파일</Filter>
    </ClInclude>
    <ClInclude Include="TrListctrl.h">
      <Filter>헤더 파일</Filter>
    </ClInclude>
    <ClInclude Include="Rtsinfo.h">
      <Filter>헤더 파일</Filter>
    </ClInclude>
    <ClInclude Include="upload.h">
      <Filter>헤더 파일</Filter>
    </ClInclude>
    <ClInclude Include="download.h">
      <Filter>헤더 파일</Filter>
    </ClInclude>
    <ClInclude Include="FormLoadDlg.h">
      <Filter>헤더 파일</Filter>
    </ClInclude>
    <ClInclude Include="ResourceHistDlg.h">
      <Filter>헤더 파일</Filter>
    </ClInclude>
    <ClInclude Include="CheckOutDlg.h">
      <Filter>헤더 파일</Filter>
    </ClInclude>
    <ClInclude Include="undoredo.h">
      <Filter>헤더 파일</Filter>
    </ClInclude>
    <ClInclude Include="LayoutEditDlg.h">
      <Filter>헤더 파일</Filter>
    </ClInclude>
    <ClInclude Include="scriptWnd.h">
      <Filter>헤더 파일</Filter>
    </ClInclude>
  </ItemGroup>
  <ItemGroup>
    <ClCompile Include="axisMBuilder.cpp">
      <Filter>소스 파일</Filter>
    </ClCompile>
    <ClCompile Include="stdafx.cpp">
      <Filter>소스 파일</Filter>
    </ClCompile>
    <ClCompile Include="MainFrm.cpp">
      <Filter>소스 파일</Filter>
    </ClCompile>
    <ClCompile Include="ChildFrm.cpp">
      <Filter>소스 파일</Filter>
    </ClCompile>
    <ClCompile Include="FileView.cpp">
      <Filter>소스 파일</Filter>
    </ClCompile>
    <ClCompile Include="OutputWnd.cpp">
      <Filter>소스 파일</Filter>
    </ClCompile>
    <ClCompile Include="PropertiesWnd.cpp">
      <Filter>소스 파일</Filter>
    </ClCompile>
    <ClCompile Include="ChildView.cpp">
      <Filter>소스 파일</Filter>
    </ClCompile>
    <ClCompile Include="emulateWnd.cpp">
      <Filter>소스 파일</Filter>
    </ClCompile>
    <ClCompile Include="Group.cpp">
      <Filter>소스 파일</Filter>
    </ClCompile>
    <ClCompile Include="mapView.cpp">
      <Filter>소스 파일</Filter>
    </ClCompile>
    <ClCompile Include="mdiTabs.cpp">
      <Filter>소스 파일</Filter>
    </ClCompile>
    <ClCompile Include="scriptWnd.cpp">
      <Filter>소스 파일</Filter>
    </ClCompile>
    <ClCompile Include="symbolView.cpp">
      <Filter>소스 파일</Filter>
    </ClCompile>
    <ClCompile Include="boldComboBox.cpp">
      <Filter>소스 파일\controls</Filter>
    </ClCompile>
    <ClCompile Include="checkComboBox.cpp">
      <Filter>소스 파일\controls</Filter>
    </ClCompile>
    <ClCompile Include="mEdit.cpp">
      <Filter>소스 파일\controls</Filter>
    </ClCompile>
    <ClCompile Include="nfButton.cpp">
      <Filter>소스 파일\controls</Filter>
    </ClCompile>
    <ClCompile Include="PropertiesGrid.cpp">
      <Filter>소스 파일\controls</Filter>
    </ClCompile>
    <ClCompile Include="resultEditCtrl.cpp">
      <Filter>소스 파일\controls</Filter>
    </ClCompile>
    <ClCompile Include="splashWnd.cpp">
      <Filter>소스 파일\controls</Filter>
    </ClCompile>
    <ClCompile Include="symTbl.cpp">
      <Filter>소스 파일\controls</Filter>
    </ClCompile>
    <ClCompile Include="symbolTree.cpp">
      <Filter>소스 파일\controls</Filter>
    </ClCompile>
    <ClCompile Include="tips.cpp">
      <Filter>소스 파일\controls</Filter>
    </ClCompile>
    <ClCompile Include="ttListCtrl.cpp">
      <Filter>소스 파일\controls</Filter>
    </ClCompile>
    <ClCompile Include="ViewTree.cpp">
      <Filter>소스 파일\controls</Filter>
    </ClCompile>
    <ClCompile Include="autoCmplDlg.cpp">
      <Filter>소스 파일\scriptEdit</Filter>
    </ClCompile>
    <ClCompile Include="autoToolTip.cpp">
      <Filter>소스 파일\scriptEdit</Filter>
    </ClCompile>
    <ClCompile Include="CCrystalEditView.cpp">
      <Filter>소스 파일\scriptEdit</Filter>
    </ClCompile>
    <ClCompile Include="CCrystalTextBuffer.cpp">
      <Filter>소스 파일\scriptEdit</Filter>
    </ClCompile>
    <ClCompile Include="CCrystalTextView.cpp">
      <Filter>소스 파일\scriptEdit</Filter>
    </ClCompile>
    <ClCompile Include="CCrystalTextView2.cpp">
      <Filter>소스 파일\scriptEdit</Filter>
    </ClCompile>
    <ClCompile Include="editReplaceDlg.cpp">
      <Filter>소스 파일\scriptEdit</Filter>
    </ClCompile>
    <ClCompile Include="findTextDlg.cpp">
      <Filter>소스 파일\scriptEdit</Filter>
    </ClCompile>
    <ClCompile Include="scListBox.cpp">
      <Filter>소스 파일\scriptEdit</Filter>
    </ClCompile>
    <ClCompile Include="VBScriptEdit.cpp">
      <Filter>소스 파일\scriptEdit</Filter>
    </ClCompile>
    <ClCompile Include="fileTree.cpp">
      <Filter>소스 파일\controls</Filter>
    </ClCompile>
    <ClCompile Include="FormDefault.cpp">
      <Filter>소스 파일</Filter>
    </ClCompile>
    <ClCompile Include="TrLayOut.cpp">
      <Filter>소스 파일</Filter>
    </ClCompile>
    <ClCompile Include="TrListctrl.cpp">
      <Filter>소스 파일</Filter>
    </ClCompile>
    <ClCompile Include="Rtsinfo.cpp">
      <Filter>소스 파일</Filter>
    </ClCompile>
    <ClCompile Include="download.cpp">
      <Filter>소스 파일</Filter>
    </ClCompile>
    <ClCompile Include="upload.cpp">
      <Filter>소스 파일</Filter>
    </ClCompile>
    <ClCompile Include="FormLoadDlg.cpp">
      <Filter>소스 파일</Filter>
    </ClCompile>
    <ClCompile Include="ResourceHistDlg.cpp">
      <Filter>소스 파일</Filter>
    </ClCompile>
    <ClCompile Include="CheckOutDlg.cpp">
      <Filter>소스 파일</Filter>
    </ClCompile>
    <ClCompile Include="LayoutEditDlg.cpp">
      <Filter>소스 파일</Filter>
    </ClCompile>
  </ItemGroup>
  <ItemGroup>
    <ResourceCompile Include="axisMBuilder.rc">
      <Filter>리소스 파일</Filter>
    </ResourceCompile>
  </ItemGroup>
</Project>